
Microsoft Visual Studio Solution File, Format Version 11.00
# Visual Studio 2010
Project("{8BC9CEB8-8B4A-11D0-8D11-00A0C91BC942}") = "paths", "shared\paths\paths_vs2010.vcxproj", "{BB0C93D4-D285-4D51-B1E9-67FE341F0AE2}"
EndProject
Project("{8BC9CEB8-8B4A-11D0-8D11-00A0C91BC942}") = "plugin_iii", "plugin_III\proj\plugin_iii_vs2010.vcxproj", "{42FE1236-A957-4797-8DDB-CC5DFDAAF5AC}"
	ProjectSection(ProjectDependencies) = postProject
		{BB0C93D4-D285-4D51-B1E9-67FE341F0AE2} = {BB0C93D4-D285-4D51-B1E9-67FE341F0AE2}
	EndProjectSection
EndProject
Project("{8BC9CEB8-8B4A-11D0-8D11-00A0C91BC942}") = "plugin_vc", "plugin_vc\proj\plugin_vc_vs2010.vcxproj", "{CE6BFF3A-D96B-4647-A6DA-96B9DBB17DC5}"
	ProjectSection(ProjectDependencies) = postProject
		{BB0C93D4-D285-4D51-B1E9-67FE341F0AE2} = {BB0C93D4-D285-4D51-B1E9-67FE341F0AE2}
	EndProjectSection
EndProject
Project("{8BC9CEB8-8B4A-11D0-8D11-00A0C91BC942}") = "plugin_sa", "plugin_sa\proj\plugin_sa_vs2010.vcxproj", "{01147939-8C60-40F3-9A9F-F8386257C41B}"
	ProjectSection(ProjectDependencies) = postProject
		{BB0C93D4-D285-4D51-B1E9-67FE341F0AE2} = {BB0C93D4-D285-4D51-B1E9-67FE341F0AE2}
	EndProjectSection
EndProject
Global
	GlobalSection(SolutionConfigurationPlatforms) = preSolution
		Debug|Win32 = Debug|Win32
		Release|Win32 = Release|Win32
	EndGlobalSection
	GlobalSection(ProjectConfigurationPlatforms) = postSolution
		{BB0C93D4-D285-4D51-B1E9-67FE341F0AE2}.Debug|Win32.ActiveCfg = Debug|Win32
		{BB0C93D4-D285-4D51-B1E9-67FE341F0AE2}.Debug|Win32.Build.0 = Debug|Win32
		{BB0C93D4-D285-4D51-B1E9-67FE341F0AE2}.Release|Win32.ActiveCfg = Release|Win32
		{BB0C93D4-D285-4D51-B1E9-67FE341F0AE2}.Release|Win32.Build.0 = Release|Win32
		{42FE1236-A957-4797-8DDB-CC5DFDAAF5AC}.Debug|Win32.ActiveCfg = Debug|Win32
		{42FE1236-A957-4797-8DDB-CC5DFDAAF5AC}.Debug|Win32.Build.0 = Debug|Win32
		{42FE1236-A957-4797-8DDB-CC5DFDAAF5AC}.Release|Win32.ActiveCfg = Release|Win32
		{42FE1236-A957-4797-8DDB-CC5DFDAAF5AC}.Release|Win32.Build.0 = Release|Win32
		{CE6BFF3A-D96B-4647-A6DA-96B9DBB17DC5}.Debug|Win32.ActiveCfg = Debug|Win32
		{CE6BFF3A-D96B-4647-A6DA-96B9DBB17DC5}.Debug|Win32.Build.0 = Debug|Win32
		{CE6BFF3A-D96B-4647-A6DA-96B9DBB17DC5}.Release|Win32.ActiveCfg = Release|Win32
		{CE6BFF3A-D96B-4647-A6DA-96B9DBB17DC5}.Release|Win32.Build.0 = Release|Win32
		{01147939-8C60-40F3-9A9F-F8386257C41B}.Debug|Win32.ActiveCfg = Debug|Win32
		{01147939-8C60-40F3-9A9F-F8386257C41B}.Debug|Win32.Build.0 = Debug|Win32
		{01147939-8C60-40F3-9A9F-F8386257C41B}.Release|Win32.ActiveCfg = Release|Win32
		{01147939-8C60-40F3-9A9F-F8386257C41B}.Release|Win32.Build.0 = Release|Win32
	EndGlobalSection
	GlobalSection(SolutionProperties) = preSolution
		HideSolutionNode = FALSE
	EndGlobalSection
EndGlobal
