
Microsoft Visual Studio Solution File, Format Version 12.00
# Visual Studio 14
VisualStudioVersion = 14.0.24720.0
MinimumVisualStudioVersion = 10.0.40219.1
Project("{8BC9CEB8-8B4A-11D0-8D11-00A0C91BC942}") = "plugin_sa", "plugin_sa\proj\plugin_sa.vcxproj", "{0F442363-6D2C-4C0C-A157-287DCC49DD84}"
EndProject
Project("{2150E333-8FDC-42A3-9474-1A3956D46DE8}") = "Examples", "Examples", "{D4C3848F-BB59-45D2-95A2-A40707FCF238}"
EndProject
Project("{8BC9CEB8-8B4A-11D0-8D11-00A0C91BC942}") = "SA_PlayerWeapon", "examples\SA_PlayerWeapon\SA_PlayerWeapon.vcxproj", "{F0FFA1C5-0179-4865-BBF7-CD3345144F63}"
EndProject
Project("{8BC9CEB8-8B4A-11D0-8D11-00A0C91BC942}") = "SA_UniversalTurnlights", "examples\SA_UniversalTurnlights\SA_UniversalTurnlights.vcxproj", "{95F4C6F8-C75D-419A-A87F-7A518EBF9125}"
EndProject
Project("{8BC9CEB8-8B4A-11D0-8D11-00A0C91BC942}") = "SA_ColouredObjects", "examples\SA_ColouredObjects\SA_ColouredObjects.vcxproj", "{E708C757-C779-4DA7-83F0-F37AA36EF5C8}"
EndProject
Project("{8BC9CEB8-8B4A-11D0-8D11-00A0C91BC942}") = "SA_GPS", "examples\SA_GPS\SA_GPS.vcxproj", "{074FF5E2-3D43-4E60-8559-0792F295B1CF}"
EndProject
Project("{8BC9CEB8-8B4A-11D0-8D11-00A0C91BC942}") = "SA_HandSignals", "examples\SA_HandSignals\SA_HandSignals.vcxproj", "{DA11E5A5-CE5D-4027-AD65-EEA072C91987}"
EndProject
Project("{8BC9CEB8-8B4A-11D0-8D11-00A0C91BC942}") = "SA_VehicleSpawner", "examples\SA_VehicleSpawner\SA_VehicleSpawner.vcxproj", "{8423DBF9-94F8-4E12-AA76-BD3525718EBA}"
EndProject
Project("{8BC9CEB8-8B4A-11D0-8D11-00A0C91BC942}") = "SA_PedSpawner", "examples\SA_PedSpawner\SA_PedSpawner.vcxproj", "{7CA511A0-BAF6-4636-A0C9-0BDA27DD709B}"
EndProject
Project("{8BC9CEB8-8B4A-11D0-8D11-00A0C91BC942}") = "plugin_vc", "plugin_vc\proj\plugin_vc.vcxproj", "{E2AF6D9E-F095-4034-94EF-6E65477F656C}"
EndProject
Project("{2150E333-8FDC-42A3-9474-1A3956D46DE8}") = "shared", "shared", "{A096B2D6-5D34-4667-BC0B-BFE0510D0E85}"
	ProjectSection(SolutionItems) = preProject
		shared\Error.h = shared\Error.h
		shared\EventList.h = shared\EventList.h
		shared\Extender.h = shared\Extender.h
		shared\Other.h = shared\Other.h
		shared\Patch.h = shared\Patch.h
	EndProjectSection
EndProject
Project("{8BC9CEB8-8B4A-11D0-8D11-00A0C91BC942}") = "VC_DXFont", "examples\VC_DXFont\VC_DXFont.vcxproj", "{F8EABD73-253E-4022-9AD5-DD2E35FE9BC2}"
EndProject
Project("{8BC9CEB8-8B4A-11D0-8D11-00A0C91BC942}") = "SA_CreateCar", "examples\SA_CreateCar\SA_CreateCar.vcxproj", "{4A22D031-C119-40FE-8116-38A71FF00DDC}"
EndProject
Project("{8BC9CEB8-8B4A-11D0-8D11-00A0C91BC942}") = "SA_RotateDoor", "examples\SA_RotateDoor\SA_RotateDoor.vcxproj", "{E7C543F6-5388-456E-8CB4-3E711B7A1316}"
EndProject
Project("{8BC9CEB8-8B4A-11D0-8D11-00A0C91BC942}") = "SA_OpenDoorExample", "examples\SA_OpenDoorExample\SA_OpenDoorExample.vcxproj", "{F0460625-CC5E-449B-B828-8DF7C0E7CED6}"
EndProject
Global
	GlobalSection(SolutionConfigurationPlatforms) = preSolution
		Debug|Win32 = Debug|Win32
		Debug|x64 = Debug|x64
		Release|Win32 = Release|Win32
		Release|x64 = Release|x64
	EndGlobalSection
	GlobalSection(ProjectConfigurationPlatforms) = postSolution
		{0F442363-6D2C-4C0C-A157-287DCC49DD84}.Debug|Win32.ActiveCfg = Debug|Win32
		{0F442363-6D2C-4C0C-A157-287DCC49DD84}.Debug|Win32.Build.0 = Debug|Win32
		{0F442363-6D2C-4C0C-A157-287DCC49DD84}.Debug|x64.ActiveCfg = Debug|Win32
		{0F442363-6D2C-4C0C-A157-287DCC49DD84}.Release|Win32.ActiveCfg = Release|Win32
		{0F442363-6D2C-4C0C-A157-287DCC49DD84}.Release|Win32.Build.0 = Release|Win32
		{0F442363-6D2C-4C0C-A157-287DCC49DD84}.Release|x64.ActiveCfg = Release|Win32
		{F0FFA1C5-0179-4865-BBF7-CD3345144F63}.Debug|Win32.ActiveCfg = Debug|Win32
		{F0FFA1C5-0179-4865-BBF7-CD3345144F63}.Debug|Win32.Build.0 = Debug|Win32
		{F0FFA1C5-0179-4865-BBF7-CD3345144F63}.Debug|x64.ActiveCfg = Debug|x64
		{F0FFA1C5-0179-4865-BBF7-CD3345144F63}.Debug|x64.Build.0 = Debug|x64
		{F0FFA1C5-0179-4865-BBF7-CD3345144F63}.Release|Win32.ActiveCfg = Release|Win32
		{F0FFA1C5-0179-4865-BBF7-CD3345144F63}.Release|Win32.Build.0 = Release|Win32
		{F0FFA1C5-0179-4865-BBF7-CD3345144F63}.Release|x64.ActiveCfg = Release|x64
		{F0FFA1C5-0179-4865-BBF7-CD3345144F63}.Release|x64.Build.0 = Release|x64
		{95F4C6F8-C75D-419A-A87F-7A518EBF9125}.Debug|Win32.ActiveCfg = Debug|Win32
		{95F4C6F8-C75D-419A-A87F-7A518EBF9125}.Debug|Win32.Build.0 = Debug|Win32
		{95F4C6F8-C75D-419A-A87F-7A518EBF9125}.Debug|x64.ActiveCfg = Debug|x64
		{95F4C6F8-C75D-419A-A87F-7A518EBF9125}.Debug|x64.Build.0 = Debug|x64
		{95F4C6F8-C75D-419A-A87F-7A518EBF9125}.Release|Win32.ActiveCfg = Release|Win32
		{95F4C6F8-C75D-419A-A87F-7A518EBF9125}.Release|Win32.Build.0 = Release|Win32
		{95F4C6F8-C75D-419A-A87F-7A518EBF9125}.Release|x64.ActiveCfg = Release|x64
		{95F4C6F8-C75D-419A-A87F-7A518EBF9125}.Release|x64.Build.0 = Release|x64
		{E708C757-C779-4DA7-83F0-F37AA36EF5C8}.Debug|Win32.ActiveCfg = Debug|Win32
		{E708C757-C779-4DA7-83F0-F37AA36EF5C8}.Debug|Win32.Build.0 = Debug|Win32
		{E708C757-C779-4DA7-83F0-F37AA36EF5C8}.Debug|x64.ActiveCfg = Debug|x64
		{E708C757-C779-4DA7-83F0-F37AA36EF5C8}.Debug|x64.Build.0 = Debug|x64
		{E708C757-C779-4DA7-83F0-F37AA36EF5C8}.Release|Win32.ActiveCfg = Release|Win32
		{E708C757-C779-4DA7-83F0-F37AA36EF5C8}.Release|Win32.Build.0 = Release|Win32
		{E708C757-C779-4DA7-83F0-F37AA36EF5C8}.Release|x64.ActiveCfg = Release|x64
		{E708C757-C779-4DA7-83F0-F37AA36EF5C8}.Release|x64.Build.0 = Release|x64
		{074FF5E2-3D43-4E60-8559-0792F295B1CF}.Debug|Win32.ActiveCfg = Debug|Win32
		{074FF5E2-3D43-4E60-8559-0792F295B1CF}.Debug|Win32.Build.0 = Debug|Win32
		{074FF5E2-3D43-4E60-8559-0792F295B1CF}.Debug|x64.ActiveCfg = Debug|x64
		{074FF5E2-3D43-4E60-8559-0792F295B1CF}.Debug|x64.Build.0 = Debug|x64
		{074FF5E2-3D43-4E60-8559-0792F295B1CF}.Release|Win32.ActiveCfg = Release|Win32
		{074FF5E2-3D43-4E60-8559-0792F295B1CF}.Release|Win32.Build.0 = Release|Win32
		{074FF5E2-3D43-4E60-8559-0792F295B1CF}.Release|x64.ActiveCfg = Release|x64
		{074FF5E2-3D43-4E60-8559-0792F295B1CF}.Release|x64.Build.0 = Release|x64
		{DA11E5A5-CE5D-4027-AD65-EEA072C91987}.Debug|Win32.ActiveCfg = Debug|Win32
		{DA11E5A5-CE5D-4027-AD65-EEA072C91987}.Debug|Win32.Build.0 = Debug|Win32
		{DA11E5A5-CE5D-4027-AD65-EEA072C91987}.Debug|x64.ActiveCfg = Debug|x64
		{DA11E5A5-CE5D-4027-AD65-EEA072C91987}.Debug|x64.Build.0 = Debug|x64
		{DA11E5A5-CE5D-4027-AD65-EEA072C91987}.Release|Win32.ActiveCfg = Release|Win32
		{DA11E5A5-CE5D-4027-AD65-EEA072C91987}.Release|Win32.Build.0 = Release|Win32
		{DA11E5A5-CE5D-4027-AD65-EEA072C91987}.Release|x64.ActiveCfg = Release|x64
		{DA11E5A5-CE5D-4027-AD65-EEA072C91987}.Release|x64.Build.0 = Release|x64
		{8423DBF9-94F8-4E12-AA76-BD3525718EBA}.Debug|Win32.ActiveCfg = Debug|Win32
		{8423DBF9-94F8-4E12-AA76-BD3525718EBA}.Debug|Win32.Build.0 = Debug|Win32
		{8423DBF9-94F8-4E12-AA76-BD3525718EBA}.Debug|x64.ActiveCfg = Debug|x64
		{8423DBF9-94F8-4E12-AA76-BD3525718EBA}.Debug|x64.Build.0 = Debug|x64
		{8423DBF9-94F8-4E12-AA76-BD3525718EBA}.Release|Win32.ActiveCfg = Release|Win32
		{8423DBF9-94F8-4E12-AA76-BD3525718EBA}.Release|Win32.Build.0 = Release|Win32
		{8423DBF9-94F8-4E12-AA76-BD3525718EBA}.Release|x64.ActiveCfg = Release|x64
		{8423DBF9-94F8-4E12-AA76-BD3525718EBA}.Release|x64.Build.0 = Release|x64
		{7CA511A0-BAF6-4636-A0C9-0BDA27DD709B}.Debug|Win32.ActiveCfg = Debug|Win32
		{7CA511A0-BAF6-4636-A0C9-0BDA27DD709B}.Debug|Win32.Build.0 = Debug|Win32
		{7CA511A0-BAF6-4636-A0C9-0BDA27DD709B}.Debug|x64.ActiveCfg = Debug|x64
		{7CA511A0-BAF6-4636-A0C9-0BDA27DD709B}.Debug|x64.Build.0 = Debug|x64
		{7CA511A0-BAF6-4636-A0C9-0BDA27DD709B}.Release|Win32.ActiveCfg = Release|Win32
		{7CA511A0-BAF6-4636-A0C9-0BDA27DD709B}.Release|Win32.Build.0 = Release|Win32
		{7CA511A0-BAF6-4636-A0C9-0BDA27DD709B}.Release|x64.ActiveCfg = Release|x64
		{7CA511A0-BAF6-4636-A0C9-0BDA27DD709B}.Release|x64.Build.0 = Release|x64
		{E2AF6D9E-F095-4034-94EF-6E65477F656C}.Debug|Win32.ActiveCfg = Debug|Win32
		{E2AF6D9E-F095-4034-94EF-6E65477F656C}.Debug|Win32.Build.0 = Debug|Win32
		{E2AF6D9E-F095-4034-94EF-6E65477F656C}.Debug|x64.ActiveCfg = Debug|x64
		{E2AF6D9E-F095-4034-94EF-6E65477F656C}.Debug|x64.Build.0 = Debug|x64
		{E2AF6D9E-F095-4034-94EF-6E65477F656C}.Release|Win32.ActiveCfg = Release|Win32
		{E2AF6D9E-F095-4034-94EF-6E65477F656C}.Release|Win32.Build.0 = Release|Win32
		{E2AF6D9E-F095-4034-94EF-6E65477F656C}.Release|x64.ActiveCfg = Release|x64
		{E2AF6D9E-F095-4034-94EF-6E65477F656C}.Release|x64.Build.0 = Release|x64
		{F8EABD73-253E-4022-9AD5-DD2E35FE9BC2}.Debug|Win32.ActiveCfg = Debug|Win32
		{F8EABD73-253E-4022-9AD5-DD2E35FE9BC2}.Debug|Win32.Build.0 = Debug|Win32
		{F8EABD73-253E-4022-9AD5-DD2E35FE9BC2}.Debug|x64.ActiveCfg = Debug|x64
		{F8EABD73-253E-4022-9AD5-DD2E35FE9BC2}.Debug|x64.Build.0 = Debug|x64
		{F8EABD73-253E-4022-9AD5-DD2E35FE9BC2}.Release|Win32.ActiveCfg = Release|Win32
		{F8EABD73-253E-4022-9AD5-DD2E35FE9BC2}.Release|Win32.Build.0 = Release|Win32
		{F8EABD73-253E-4022-9AD5-DD2E35FE9BC2}.Release|x64.ActiveCfg = Release|x64
		{F8EABD73-253E-4022-9AD5-DD2E35FE9BC2}.Release|x64.Build.0 = Release|x64
		{4A22D031-C119-40FE-8116-38A71FF00DDC}.Debug|Win32.ActiveCfg = Debug|Win32
		{4A22D031-C119-40FE-8116-38A71FF00DDC}.Debug|Win32.Build.0 = Debug|Win32
		{4A22D031-C119-40FE-8116-38A71FF00DDC}.Debug|x64.ActiveCfg = Debug|x64
		{4A22D031-C119-40FE-8116-38A71FF00DDC}.Debug|x64.Build.0 = Debug|x64
		{4A22D031-C119-40FE-8116-38A71FF00DDC}.Release|Win32.ActiveCfg = Release|Win32
		{4A22D031-C119-40FE-8116-38A71FF00DDC}.Release|Win32.Build.0 = Release|Win32
		{4A22D031-C119-40FE-8116-38A71FF00DDC}.Release|x64.ActiveCfg = Release|x64
		{4A22D031-C119-40FE-8116-38A71FF00DDC}.Release|x64.Build.0 = Release|x64
		{E7C543F6-5388-456E-8CB4-3E711B7A1316}.Debug|Win32.ActiveCfg = Debug|Win32
		{E7C543F6-5388-456E-8CB4-3E711B7A1316}.Debug|Win32.Build.0 = Debug|Win32
		{E7C543F6-5388-456E-8CB4-3E711B7A1316}.Debug|x64.ActiveCfg = Debug|x64
		{E7C543F6-5388-456E-8CB4-3E711B7A1316}.Debug|x64.Build.0 = Debug|x64
		{E7C543F6-5388-456E-8CB4-3E711B7A1316}.Release|Win32.ActiveCfg = Release|Win32
		{E7C543F6-5388-456E-8CB4-3E711B7A1316}.Release|Win32.Build.0 = Release|Win32
		{E7C543F6-5388-456E-8CB4-3E711B7A1316}.Release|x64.ActiveCfg = Release|x64
		{E7C543F6-5388-456E-8CB4-3E711B7A1316}.Release|x64.Build.0 = Release|x64
		{F0460625-CC5E-449B-B828-8DF7C0E7CED6}.Debug|Win32.ActiveCfg = Debug|Win32
		{F0460625-CC5E-449B-B828-8DF7C0E7CED6}.Debug|Win32.Build.0 = Debug|Win32
		{F0460625-CC5E-449B-B828-8DF7C0E7CED6}.Debug|x64.ActiveCfg = Debug|x64
		{F0460625-CC5E-449B-B828-8DF7C0E7CED6}.Debug|x64.Build.0 = Debug|x64
		{F0460625-CC5E-449B-B828-8DF7C0E7CED6}.Release|Win32.ActiveCfg = Release|Win32
		{F0460625-CC5E-449B-B828-8DF7C0E7CED6}.Release|Win32.Build.0 = Release|Win32
		{F0460625-CC5E-449B-B828-8DF7C0E7CED6}.Release|x64.ActiveCfg = Release|x64
		{F0460625-CC5E-449B-B828-8DF7C0E7CED6}.Release|x64.Build.0 = Release|x64
	EndGlobalSection
	GlobalSection(SolutionProperties) = preSolution
		HideSolutionNode = FALSE
	EndGlobalSection
	GlobalSection(NestedProjects) = preSolution
		{F0FFA1C5-0179-4865-BBF7-CD3345144F63} = {D4C3848F-BB59-45D2-95A2-A40707FCF238}
		{95F4C6F8-C75D-419A-A87F-7A518EBF9125} = {D4C3848F-BB59-45D2-95A2-A40707FCF238}
		{E708C757-C779-4DA7-83F0-F37AA36EF5C8} = {D4C3848F-BB59-45D2-95A2-A40707FCF238}
		{074FF5E2-3D43-4E60-8559-0792F295B1CF} = {D4C3848F-BB59-45D2-95A2-A40707FCF238}
		{DA11E5A5-CE5D-4027-AD65-EEA072C91987} = {D4C3848F-BB59-45D2-95A2-A40707FCF238}
		{8423DBF9-94F8-4E12-AA76-BD3525718EBA} = {D4C3848F-BB59-45D2-95A2-A40707FCF238}
		{7CA511A0-BAF6-4636-A0C9-0BDA27DD709B} = {D4C3848F-BB59-45D2-95A2-A40707FCF238}
		{F8EABD73-253E-4022-9AD5-DD2E35FE9BC2} = {D4C3848F-BB59-45D2-95A2-A40707FCF238}
		{4A22D031-C119-40FE-8116-38A71FF00DDC} = {D4C3848F-BB59-45D2-95A2-A40707FCF238}
		{E7C543F6-5388-456E-8CB4-3E711B7A1316} = {D4C3848F-BB59-45D2-95A2-A40707FCF238}
		{F0460625-CC5E-449B-B828-8DF7C0E7CED6} = {D4C3848F-BB59-45D2-95A2-A40707FCF238}
	EndGlobalSection
EndGlobal
