
Microsoft Visual Studio Solution File, Format Version 12.00
# Visual Studio 15
Project("{8BC9CEB8-8B4A-11D0-8D11-00A0C91BC942}") = "OpenDoorExample", "OpenDoorExample.vcxproj", "{97694B04-03F5-B8C8-0C06-3CBD781015C9}"
EndProject
Global
	GlobalSection(SolutionConfigurationPlatforms) = preSolution
		Debug|GTASA = Debug|GTASA
		Release|GTASA = Release|GTASA
	EndGlobalSection
	GlobalSection(ProjectConfigurationPlatforms) = postSolution
		{97694B04-03F5-B8C8-0C06-3CBD781015C9}.Debug|GTASA.ActiveCfg = Debug GTASA|Win32
		{97694B04-03F5-B8C8-0C06-3CBD781015C9}.Debug|GTASA.Build.0 = Debug GTASA|Win32
		{97694B04-03F5-B8C8-0C06-3CBD781015C9}.Release|GTASA.ActiveCfg = Release GTASA|Win32
		{97694B04-03F5-B8C8-0C06-3CBD781015C9}.Release|GTASA.Build.0 = Release GTASA|Win32
	EndGlobalSection
	GlobalSection(SolutionProperties) = preSolution
		HideSolutionNode = FALSE
	EndGlobalSection
EndGlobal
