
Microsoft Visual Studio Solution File, Format Version 12.00
# Visual Studio 15
Project("{8BC9CEB8-8B4A-11D0-8D11-00A0C91BC942}") = "RotateDoor", "RotateDoor.vcxproj", "{E81A8C51-D4D2-CD9E-3DDA-A6FA29B1688F}"
EndProject
Global
	GlobalSection(SolutionConfigurationPlatforms) = preSolution
		Debug|GTASA = Debug|GTASA
		Release|GTASA = Release|GTASA
	EndGlobalSection
	GlobalSection(ProjectConfigurationPlatforms) = postSolution
		{E81A8C51-D4D2-CD9E-3DDA-A6FA29B1688F}.Debug|GTASA.ActiveCfg = Debug GTASA|Win32
		{E81A8C51-D4D2-CD9E-3DDA-A6FA29B1688F}.Debug|GTASA.Build.0 = Debug GTASA|Win32
		{E81A8C51-D4D2-CD9E-3DDA-A6FA29B1688F}.Release|GTASA.ActiveCfg = Release GTASA|Win32
		{E81A8C51-D4D2-CD9E-3DDA-A6FA29B1688F}.Release|GTASA.Build.0 = Release GTASA|Win32
	EndGlobalSection
	GlobalSection(SolutionProperties) = preSolution
		HideSolutionNode = FALSE
	EndGlobalSection
EndGlobal
