<?xml version="1.0" encoding="utf-8"?>
<Project ToolsVersion="4.0" xmlns="http://schemas.microsoft.com/developer/msbuild/2003">
  <ItemGroup>
    <ClCompile Include="Main.cpp" />
  </ItemGroup>
  <ItemGroup>
    <Filter Include="ASM injections">
      <UniqueIdentifier>{341bd200-51be-4de3-808d-726be035a954}</UniqueIdentifier>
    </Filter>
  </ItemGroup>
  <ItemGroup>
    <ClInclude Include="ASM injections\ASM_PassNitrousAcc.h">
      <Filter>ASM injections</Filter>
    </ClInclude>
    <ClInclude Include="ASM injections\ASM_SelectAccMultiplier.h">
      <Filter>ASM injections</Filter>
    </ClInclude>
    <ClInclude Include="DrawNitrousIndicator.h" />
    <ClInclude Include="NitrousControl.h" />
    <ClInclude Include="Parameters.h" />
  </ItemGroup>
</Project>