<?xml version="1.0" encoding="utf-8"?>
<Project ToolsVersion="4.0" xmlns="http://schemas.microsoft.com/developer/msbuild/2003">
  <ItemGroup>
    <Filter Include="Header files">
      <UniqueIdentifier>{93995380-89BD-4b04-88EB-625FBE52EBFB}</UniqueIdentifier>
      <Extensions>h;hpp;hxx;hm;inl;inc;xsd</Extensions>
    </Filter>
    <Filter Include="Header files\plugin">
      <UniqueIdentifier>{14042a78-af1d-4656-9eba-027884fde2ca}</UniqueIdentifier>
    </Filter>
    <Filter Include="Header files\patch">
      <UniqueIdentifier>{c6c36bba-7340-4b26-b55e-3b2217b61f22}</UniqueIdentifier>
    </Filter>
    <Filter Include="Header files\game_sa">
      <UniqueIdentifier>{117de506-e7d5-491e-b6e2-c86becff7c8a}</UniqueIdentifier>
    </Filter>
    <Filter Include="Source code files">
      <UniqueIdentifier>{4FC737F1-C7A5-4376-A066-2A32D752A2FF}</UniqueIdentifier>
      <Extensions>cpp;c;cc;cxx;def;odl;idl;hpj;bat;asm;asmx</Extensions>
    </Filter>
    <Filter Include="Source code files\plugin">
      <UniqueIdentifier>{0d4ed343-b58b-48d2-9a20-224db84e3324}</UniqueIdentifier>
    </Filter>
    <Filter Include="Source code files\patch">
      <UniqueIdentifier>{da4c7095-aab9-44bd-b2cb-79304465d406}</UniqueIdentifier>
    </Filter>
    <Filter Include="Source code files\game_sa">
      <UniqueIdentifier>{e9f430b0-1ea9-4570-ad93-a49b5c0c953f}</UniqueIdentifier>
    </Filter>
    <Filter Include="Resources">
      <UniqueIdentifier>{67DA6AB6-F800-4c08-8B7A-83BB121AAD01}</UniqueIdentifier>
      <Extensions>rc;ico;cur;bmp;dlg;rc2;rct;bin;rgs;gif;jpg;jpeg;jpe;resx;tiff;tif;png;wav;mfcribbon-ms</Extensions>
    </Filter>
  </ItemGroup>
  <ItemGroup>
    <ClInclude Include="..\game_sa\CBox.h">
      <Filter>Header files\game_sa</Filter>
    </ClInclude>
    <ClInclude Include="..\game_sa\CClock.h">
      <Filter>Header files\game_sa</Filter>
    </ClInclude>
    <ClInclude Include="..\game_sa\CGame.h">
      <Filter>Header files\game_sa</Filter>
    </ClInclude>
    <ClInclude Include="..\game_sa\CMatrix.h">
      <Filter>Header files\game_sa</Filter>
    </ClInclude>
    <ClInclude Include="..\game_sa\CMessages.h">
      <Filter>Header files\game_sa</Filter>
    </ClInclude>
    <ClInclude Include="..\game_sa\CQuaternion.h">
      <Filter>Header files\game_sa</Filter>
    </ClInclude>
    <ClInclude Include="..\game_sa\CRect.h">
      <Filter>Header files\game_sa</Filter>
    </ClInclude>
    <ClInclude Include="..\game_sa\CRGBA.h">
      <Filter>Header files\game_sa</Filter>
    </ClInclude>
    <ClInclude Include="..\game_sa\CRunningScript.h">
      <Filter>Header files\game_sa</Filter>
    </ClInclude>
    <ClInclude Include="..\game_sa\CSphere.h">
      <Filter>Header files\game_sa</Filter>
    </ClInclude>
    <ClInclude Include="..\game_sa\CText.h">
      <Filter>Header files\game_sa</Filter>
    </ClInclude>
    <ClInclude Include="..\game_sa\CTheZones.h">
      <Filter>Header files\game_sa</Filter>
    </ClInclude>
    <ClInclude Include="..\game_sa\CVector.h">
      <Filter>Header files\game_sa</Filter>
    </ClInclude>
    <ClInclude Include="..\game_sa\CZone.h">
      <Filter>Header files\game_sa</Filter>
    </ClInclude>
    <ClInclude Include="..\game_sa\RenderWare.h">
      <Filter>Header files\game_sa</Filter>
    </ClInclude>
    <ClInclude Include="..\patch\CPatch.h">
      <Filter>Header files\patch</Filter>
    </ClInclude>
    <ClInclude Include="plugin.h">
      <Filter>Header files\plugin</Filter>
    </ClInclude>
    <ClInclude Include="..\game_sa\CTheScripts.h">
      <Filter>Header files\game_sa</Filter>
    </ClInclude>
    <ClInclude Include="..\game_sa\CPed.h">
      <Filter>Header files\game_sa</Filter>
    </ClInclude>
    <ClInclude Include="CRunningScriptWrapper.h">
      <Filter>Header files\plugin</Filter>
    </ClInclude>
    <ClInclude Include="..\game_sa\CBulletTraces.h">
      <Filter>Header files\game_sa</Filter>
    </ClInclude>
    <ClInclude Include="..\game_sa\CFileMgr.h">
      <Filter>Header files\game_sa</Filter>
    </ClInclude>
    <ClInclude Include="..\game_sa\CTxdStore.h">
      <Filter>Header files\game_sa</Filter>
    </ClInclude>
    <ClInclude Include="..\game_sa\CSprite2d.h">
      <Filter>Header files\game_sa</Filter>
    </ClInclude>
    <ClInclude Include="..\game_sa\CCoors.h">
      <Filter>Header files\game_sa</Filter>
    </ClInclude>
    <ClInclude Include="..\game_sa\eCommandName.h">
      <Filter>Header files\game_sa</Filter>
    </ClInclude>
    <ClInclude Include="..\game_sa\CBuilding.h">
      <Filter>Header files\game_sa</Filter>
    </ClInclude>
    <ClInclude Include="..\game_sa\CColBox.h">
      <Filter>Header files\game_sa</Filter>
    </ClInclude>
    <ClInclude Include="..\game_sa\CColData.h">
      <Filter>Header files\game_sa</Filter>
    </ClInclude>
    <ClInclude Include="..\game_sa\CColLine.h">
      <Filter>Header files\game_sa</Filter>
    </ClInclude>
    <ClInclude Include="..\game_sa\CColModel.h">
      <Filter>Header files\game_sa</Filter>
    </ClInclude>
    <ClInclude Include="..\game_sa\CColSphere.h">
      <Filter>Header files\game_sa</Filter>
    </ClInclude>
    <ClInclude Include="..\game_sa\CColTriangle.h">
      <Filter>Header files\game_sa</Filter>
    </ClInclude>
    <ClInclude Include="..\game_sa\CColTrianglePlane.h">
      <Filter>Header files\game_sa</Filter>
    </ClInclude>
    <ClInclude Include="..\game_sa\CEntity.h">
      <Filter>Header files\game_sa</Filter>
    </ClInclude>
    <ClInclude Include="..\game_sa\CompressedVector.h">
      <Filter>Header files\game_sa</Filter>
    </ClInclude>
    <ClInclude Include="..\game_sa\CPlaceable.h">
      <Filter>Header files\game_sa</Filter>
    </ClInclude>
    <ClInclude Include="..\game_sa\CPlaneTrail.h">
      <Filter>Header files\game_sa</Filter>
    </ClInclude>
    <ClInclude Include="..\game_sa\CPlaneTrails.h">
      <Filter>Header files\game_sa</Filter>
    </ClInclude>
    <ClInclude Include="..\game_sa\CPool.h">
      <Filter>Header files\game_sa</Filter>
    </ClInclude>
    <ClInclude Include="..\game_sa\CReference.h">
      <Filter>Header files\game_sa</Filter>
    </ClInclude>
    <ClInclude Include="..\game_sa\CReferences.h">
      <Filter>Header files\game_sa</Filter>
    </ClInclude>
    <ClInclude Include="..\game_sa\CTexDictionary.h">
      <Filter>Header files\game_sa</Filter>
    </ClInclude>
    <ClInclude Include="..\game_sa\CVector2D.h">
      <Filter>Header files\game_sa</Filter>
    </ClInclude>
    <ClInclude Include="..\game_sa\eEntityStatus.h">
      <Filter>Header files\game_sa</Filter>
    </ClInclude>
    <ClInclude Include="..\game_sa\eEntityType.h">
      <Filter>Header files\game_sa</Filter>
    </ClInclude>
    <ClInclude Include="..\game_sa\ePedType.h">
      <Filter>Header files\game_sa</Filter>
    </ClInclude>
    <ClInclude Include="..\game_sa\CDummy.h">
      <Filter>Header files\game_sa</Filter>
    </ClInclude>
    <ClInclude Include="..\game_sa\CCoronas.h">
      <Filter>Header files\game_sa</Filter>
    </ClInclude>
    <ClInclude Include="..\game_sa\CRegisteredCorona.h">
      <Filter>Header files\game_sa</Filter>
    </ClInclude>
    <ClInclude Include="..\game_sa\eWeaponType.h">
      <Filter>Header files\game_sa</Filter>
    </ClInclude>
    <ClInclude Include="..\game_sa\CPhysical.h">
      <Filter>Header files\game_sa</Filter>
    </ClInclude>
    <ClInclude Include="..\game_sa\CColPoint.h">
      <Filter>Header files\game_sa</Filter>
    </ClInclude>
    <ClInclude Include="..\game_sa\CShadowCamera.h">
      <Filter>Header files\game_sa</Filter>
    </ClInclude>
    <ClInclude Include="..\game_sa\functions.h">
      <Filter>Header files\game_sa</Filter>
    </ClInclude>
    <ClInclude Include="..\game_sa\common.h">
      <Filter>Header files\game_sa</Filter>
    </ClInclude>
    <ClInclude Include="..\game_sa\CPedCollisionAudio.h">
      <Filter>Header files\game_sa</Filter>
    </ClInclude>
    <ClInclude Include="..\game_sa\CPedVoice.h">
      <Filter>Header files\game_sa</Filter>
    </ClInclude>
    <ClInclude Include="..\game_sa\CWeaponAudio.h">
      <Filter>Header files\game_sa</Filter>
    </ClInclude>
    <ClInclude Include="..\game_sa\CPedIntelligence.h">
      <Filter>Header files\game_sa</Filter>
    </ClInclude>
    <ClInclude Include="..\game_sa\CTaskSimple.h">
      <Filter>Header files\game_sa</Filter>
    </ClInclude>
    <ClInclude Include="..\game_sa\CTaskManager.h">
      <Filter>Header files\game_sa</Filter>
    </ClInclude>
    <ClInclude Include="..\game_sa\CEventManager.h">
      <Filter>Header files\game_sa</Filter>
    </ClInclude>
    <ClInclude Include="..\game_sa\CEntityScanner.h">
      <Filter>Header files\game_sa</Filter>
    </ClInclude>
    <ClInclude Include="..\game_sa\CAiTimer.h">
      <Filter>Header files\game_sa</Filter>
    </ClInclude>
    <ClInclude Include="..\game_sa\CPlayerData.h">
      <Filter>Header files\game_sa</Filter>
    </ClInclude>
    <ClInclude Include="..\game_sa\CClothes.h">
      <Filter>Header files\game_sa</Filter>
    </ClInclude>
    <ClInclude Include="..\game_sa\CWanted.h">
      <Filter>Header files\game_sa</Filter>
    </ClInclude>
    <ClInclude Include="..\game_sa\CCrimeBeingQd.h">
      <Filter>Header files\game_sa</Filter>
    </ClInclude>
    <ClInclude Include="..\game_sa\CWantedAudio.h">
      <Filter>Header files\game_sa</Filter>
    </ClInclude>
    <ClInclude Include="..\game_sa\CPlayerInfo.h">
      <Filter>Header files\game_sa</Filter>
    </ClInclude>
    <ClInclude Include="..\game_sa\AnimBlendFrameData.h">
      <Filter>Header files\game_sa</Filter>
    </ClInclude>
    <ClInclude Include="..\game_sa\IFrame.h">
      <Filter>Header files\game_sa</Filter>
    </ClInclude>
    <ClInclude Include="..\game_sa\CPedAcquaintance.h">
      <Filter>Header files\game_sa</Filter>
    </ClInclude>
    <ClInclude Include="..\game_sa\CPedIK.h">
      <Filter>Header files\game_sa</Filter>
    </ClInclude>
    <ClInclude Include="..\game_sa\LimbOrienation.h">
      <Filter>Header files\game_sa</Filter>
    </ClInclude>
    <ClInclude Include="..\game_sa\CWeapon.h">
      <Filter>Header files\game_sa</Filter>
    </ClInclude>
    <ClInclude Include="..\game_sa\CWeaponInfo.h">
      <Filter>Header files\game_sa</Filter>
    </ClInclude>
    <ClInclude Include="..\game_sa\CCivilianPed.h">
      <Filter>Header files\game_sa</Filter>
    </ClInclude>
    <ClInclude Include="..\game_sa\CEmergencyPed.h">
      <Filter>Header files\game_sa</Filter>
    </ClInclude>
    <ClInclude Include="..\game_sa\CCopPed.h">
      <Filter>Header files\game_sa</Filter>
    </ClInclude>
    <ClInclude Include="..\game_sa\eCopType.h">
      <Filter>Header files\game_sa</Filter>
    </ClInclude>
    <ClInclude Include="..\game_sa\CPlayerPed.h">
      <Filter>Header files\game_sa</Filter>
    </ClInclude>
    <ClInclude Include="..\game_sa\CFont.h">
      <Filter>Header files\game_sa</Filter>
    </ClInclude>
    <ClInclude Include="..\game_sa\CVehicle.h">
      <Filter>Header files\game_sa</Filter>
    </ClInclude>
    <ClInclude Include="..\game_sa\CObject.h">
      <Filter>Header files\game_sa</Filter>
    </ClInclude>
    <ClInclude Include="..\game_sa\CObjectInfo.h">
      <Filter>Header files\game_sa</Filter>
    </ClInclude>
    <ClInclude Include="..\game_sa\CDamageManager.h">
      <Filter>Header files\game_sa</Filter>
    </ClInclude>
    <ClInclude Include="..\game_sa\cHandlingDataMgr.h">
      <Filter>Header files\game_sa</Filter>
    </ClInclude>
    <ClInclude Include="..\game_sa\tHandlingData.h">
      <Filter>Header files\game_sa</Filter>
    </ClInclude>
    <ClInclude Include="..\game_sa\cTransmission.h">
      <Filter>Header files\game_sa</Filter>
    </ClInclude>
    <ClInclude Include="..\game_sa\tTransmissionGear.h">
      <Filter>Header files\game_sa</Filter>
    </ClInclude>
    <ClInclude Include="..\game_sa\eVehicleHandlingModelFlags.h">
      <Filter>Header files\game_sa</Filter>
    </ClInclude>
    <ClInclude Include="..\game_sa\eVehicleHandlingFlags.h">
      <Filter>Header files\game_sa</Filter>
    </ClInclude>
    <ClInclude Include="..\game_sa\tBoatHandlingData.h">
      <Filter>Header files\game_sa</Filter>
    </ClInclude>
    <ClInclude Include="..\game_sa\tFlyingHandlingData.h">
      <Filter>Header files\game_sa</Filter>
    </ClInclude>
    <ClInclude Include="..\game_sa\tBikeHandlingData.h">
      <Filter>Header files\game_sa</Filter>
    </ClInclude>
    <ClInclude Include="..\game_sa\eWeaponFire.h">
      <Filter>Header files\game_sa</Filter>
    </ClInclude>
    <ClInclude Include="..\game_sa\eWeaponFlags.h">
      <Filter>Header files\game_sa</Filter>
    </ClInclude>
    <ClInclude Include="..\game_sa\CPad.h">
      <Filter>Header files\game_sa</Filter>
    </ClInclude>
    <ClInclude Include="..\game_sa\CDarkel.h">
      <Filter>Header files\game_sa</Filter>
    </ClInclude>
    <ClInclude Include="..\game_sa\CTaskSimpleUseGun.h">
      <Filter>Header files\game_sa</Filter>
    </ClInclude>
    <ClInclude Include="..\game_sa\CTaskSimpleJetpack.h">
      <Filter>Header files\game_sa</Filter>
    </ClInclude>
    <ClInclude Include="..\game_sa\CTimer.h">
      <Filter>Header files\game_sa</Filter>
    </ClInclude>
    <ClInclude Include="..\game_sa\CBaseModelInfo.h">
      <Filter>Header files\game_sa</Filter>
    </ClInclude>
    <ClInclude Include="..\game_sa\C2dEffect.h">
      <Filter>Header files\game_sa</Filter>
    </ClInclude>
    <ClInclude Include="..\game_sa\CTimeModelInfo.h">
      <Filter>Header files\game_sa</Filter>
    </ClInclude>
    <ClInclude Include="..\game_sa\CWeaponModelInfo.h">
      <Filter>Header files\game_sa</Filter>
    </ClInclude>
    <ClInclude Include="..\game_sa\CClumpModelInfo.h">
      <Filter>Header files\game_sa</Filter>
    </ClInclude>
    <ClInclude Include="..\game_sa\RwObjectNameIdAssocation.h">
      <Filter>Header files\game_sa</Filter>
    </ClInclude>
    <ClInclude Include="..\game_sa\CVehicleModelInfo.h">
      <Filter>Header files\game_sa</Filter>
    </ClInclude>
    <ClInclude Include="..\game_sa\CExplosion.h">
      <Filter>Header files\game_sa</Filter>
    </ClInclude>
    <ClInclude Include="..\game_sa\CTask.h">
      <Filter>Header files\game_sa</Filter>
    </ClInclude>
    <ClInclude Include="..\game_sa\eTaskType.h">
      <Filter>Header files\game_sa</Filter>
    </ClInclude>
    <ClInclude Include="..\game_sa\CTaskComplex.h">
      <Filter>Header files\game_sa</Filter>
    </ClInclude>
    <ClInclude Include="..\game_sa\CTaskComplexKillPedOnFoot.h">
      <Filter>Header files\game_sa</Filter>
    </ClInclude>
    <ClInclude Include="..\game_sa\CScene.h">
      <Filter>Header files\game_sa</Filter>
    </ClInclude>
    <ClInclude Include="..\game_sa\CMenuManager.h">
      <Filter>Header files\game_sa</Filter>
    </ClInclude>
    <ClInclude Include="..\game_sa\CTimeCycleInfo.h">
      <Filter>Header files\game_sa</Filter>
    </ClInclude>
    <ClInclude Include="..\game_sa\CCamera.h">
      <Filter>Header files\game_sa</Filter>
    </ClInclude>
    <ClInclude Include="..\game_sa\CCam.h">
      <Filter>Header files\game_sa</Filter>
    </ClInclude>
    <ClInclude Include="..\game_sa\eCamMode.h">
      <Filter>Header files\game_sa</Filter>
    </ClInclude>
    <ClInclude Include="..\game_sa\CGeneral.h">
      <Filter>Header files\game_sa</Filter>
    </ClInclude>
    <ClInclude Include="..\game_sa\CAtomicModelInfo.h">
      <Filter>Header files\game_sa</Filter>
    </ClInclude>
    <ClInclude Include="..\game_sa\CHudColours.h">
      <Filter>Header files\game_sa</Filter>
    </ClInclude>
    <ClInclude Include="..\game_sa\CSprite.h">
      <Filter>Header files\game_sa</Filter>
    </ClInclude>
    <ClInclude Include="..\game_sa\CWorld.h">
      <Filter>Header files\game_sa</Filter>
    </ClInclude>
    <ClInclude Include="..\game_sa\CStats.h">
      <Filter>Header files\game_sa</Filter>
    </ClInclude>
    <ClInclude Include="..\game_sa\CAESound.h">
      <Filter>Header files\game_sa</Filter>
    </ClInclude>
    <ClInclude Include="..\game_sa\CAEAudioEntity.h">
      <Filter>Header files\game_sa</Filter>
    </ClInclude>
    <ClInclude Include="..\game_sa\CAEVehicleAudioEntity.h">
      <Filter>Header files\game_sa</Filter>
    </ClInclude>
    <ClInclude Include="..\game_sa\CAETwinLoopSoundEntity.h">
      <Filter>Header files\game_sa</Filter>
    </ClInclude>
    <ClInclude Include="..\game_sa\CAutoPilot.h">
      <Filter>Header files\game_sa</Filter>
    </ClInclude>
    <ClInclude Include="..\game_sa\CNodeAddress.h">
      <Filter>Header files\game_sa</Filter>
    </ClInclude>
    <ClInclude Include="..\game_sa\CRadar.h">
      <Filter>Header files\game_sa</Filter>
    </ClInclude>
    <ClInclude Include="..\game_sa\CStoredCollPoly.h">
      <Filter>Header files\game_sa</Filter>
    </ClInclude>
    <ClInclude Include="..\game_sa\CAnimBlendClumpData.h">
      <Filter>Header files\game_sa</Filter>
    </ClInclude>
    <ClInclude Include="..\game_sa\CAERadioTrackManager.h">
      <Filter>Header files\game_sa</Filter>
    </ClInclude>
    <ClInclude Include="..\game_sa\CVisibilityPlugins.h">
      <Filter>Header files\game_sa</Filter>
    </ClInclude>
    <ClInclude Include="..\game_sa\CRenderer.h">
      <Filter>Header files\game_sa</Filter>
    </ClInclude>
    <ClInclude Include="..\game_sa\CPools.h">
      <Filter>Header files\game_sa</Filter>
    </ClInclude>
    <ClInclude Include="..\game_sa\CAutomobile.h">
      <Filter>Header files\game_sa</Filter>
    </ClInclude>
    <ClInclude Include="..\game_sa\CModelInfo.h">
      <Filter>Header files\game_sa</Filter>
    </ClInclude>
    <ClInclude Include="..\game_sa\CCamPathSplines.h">
      <Filter>Header files\game_sa</Filter>
    </ClInclude>
    <ClInclude Include="..\game_sa\CMatrixLink.h">
      <Filter>Header files\game_sa</Filter>
    </ClInclude>
    <ClInclude Include="..\game_sa\CMissionCleanup.h">
      <Filter>Header files\game_sa</Filter>
    </ClInclude>
    <ClInclude Include="..\game_sa\CPtrList.h">
      <Filter>Header files\game_sa</Filter>
    </ClInclude>
    <ClInclude Include="..\game_sa\CQueuedMode.h">
      <Filter>Header files\game_sa</Filter>
    </ClInclude>
    <ClInclude Include="..\game_sa\CRepeatSector.h">
      <Filter>Header files\game_sa</Filter>
    </ClInclude>
    <ClInclude Include="..\game_sa\CSimpleTransform.h">
      <Filter>Header files\game_sa</Filter>
    </ClInclude>
    <ClInclude Include="..\game_sa\CRideAnimData.h">
      <Filter>Header files\game_sa</Filter>
    </ClInclude>
    <ClInclude Include="..\game_sa\CShadows.h">
      <Filter>Header files\game_sa</Filter>
    </ClInclude>
    <ClInclude Include="..\game_sa\CRealTimeShadow.h">
      <Filter>Header files\game_sa</Filter>
    </ClInclude>
    <ClInclude Include="..\game_sa\COnscreenTimer.h">
      <Filter>Header files\game_sa</Filter>
    </ClInclude>
    <ClInclude Include="..\game_sa\CUserDisplay.h">
      <Filter>Header files\game_sa</Filter>
    </ClInclude>
    <ClInclude Include="..\game_sa\CHud.h">
      <Filter>Header files\game_sa</Filter>
    </ClInclude>
    <ClInclude Include="..\game_sa\CGarages.h">
      <Filter>Header files\game_sa</Filter>
    </ClInclude>
    <ClInclude Include="..\game_sa\ePedState.h">
      <Filter>Header files\game_sa</Filter>
    </ClInclude>
    <ClInclude Include="..\game_sa\CAnimBlendAssociation.h">
      <Filter>Header files\game_sa</Filter>
    </ClInclude>
  </ItemGroup>
  <ItemGroup>
    <ClCompile Include="..\game_sa\CBox.cpp">
      <Filter>Source code files\game_sa</Filter>
    </ClCompile>
    <ClCompile Include="..\game_sa\CClock.cpp">
      <Filter>Source code files\game_sa</Filter>
    </ClCompile>
    <ClCompile Include="..\game_sa\CGame.cpp">
      <Filter>Source code files\game_sa</Filter>
    </ClCompile>
    <ClCompile Include="..\game_sa\CMatrix.cpp">
      <Filter>Source code files\game_sa</Filter>
    </ClCompile>
    <ClCompile Include="..\game_sa\CMessages.cpp">
      <Filter>Source code files\game_sa</Filter>
    </ClCompile>
    <ClCompile Include="..\game_sa\CQuaternion.cpp">
      <Filter>Source code files\game_sa</Filter>
    </ClCompile>
    <ClCompile Include="..\game_sa\CRGBA.cpp">
      <Filter>Source code files\game_sa</Filter>
    </ClCompile>
    <ClCompile Include="..\game_sa\CRunningScript.cpp">
      <Filter>Source code files\game_sa</Filter>
    </ClCompile>
    <ClCompile Include="..\game_sa\CText.cpp">
      <Filter>Source code files\game_sa</Filter>
    </ClCompile>
    <ClCompile Include="..\game_sa\CTheZones.cpp">
      <Filter>Source code files\game_sa</Filter>
    </ClCompile>
    <ClCompile Include="..\game_sa\CVector.cpp">
      <Filter>Source code files\game_sa</Filter>
    </ClCompile>
    <ClCompile Include="..\game_sa\CZone.cpp">
      <Filter>Source code files\game_sa</Filter>
    </ClCompile>
    <ClCompile Include="plugin.cpp">
      <Filter>Source code files\plugin</Filter>
    </ClCompile>
    <ClCompile Include="..\game_sa\CRect.cpp">
      <Filter>Source code files\game_sa</Filter>
    </ClCompile>
    <ClCompile Include="..\game_sa\CSphere.cpp">
      <Filter>Source code files\game_sa</Filter>
    </ClCompile>
    <ClCompile Include="..\game_sa\CTheScripts.cpp">
      <Filter>Source code files\game_sa</Filter>
    </ClCompile>
    <ClCompile Include="..\game_sa\CPed.cpp">
      <Filter>Source code files\game_sa</Filter>
    </ClCompile>
    <ClCompile Include="CRunningScriptWrapper.cpp">
      <Filter>Source code files\plugin</Filter>
    </ClCompile>
    <ClCompile Include="..\game_sa\CBulletTraces.cpp">
      <Filter>Source code files\game_sa</Filter>
    </ClCompile>
    <ClCompile Include="..\game_sa\CFileMgr.cpp">
      <Filter>Source code files\game_sa</Filter>
    </ClCompile>
    <ClCompile Include="..\game_sa\CTxdStore.cpp">
      <Filter>Source code files\game_sa</Filter>
    </ClCompile>
    <ClCompile Include="..\game_sa\CSprite2d.cpp">
      <Filter>Source code files\game_sa</Filter>
    </ClCompile>
    <ClCompile Include="..\game_sa\CBuilding.cpp">
      <Filter>Source code files\game_sa</Filter>
    </ClCompile>
    <ClCompile Include="..\game_sa\CColBox.cpp">
      <Filter>Source code files\game_sa</Filter>
    </ClCompile>
    <ClCompile Include="..\game_sa\CColLine.cpp">
      <Filter>Source code files\game_sa</Filter>
    </ClCompile>
    <ClCompile Include="..\game_sa\CColSphere.cpp">
      <Filter>Source code files\game_sa</Filter>
    </ClCompile>
    <ClCompile Include="..\game_sa\CColTriangle.cpp">
      <Filter>Source code files\game_sa</Filter>
    </ClCompile>
    <ClCompile Include="..\game_sa\CColTrianglePlane.cpp">
      <Filter>Source code files\game_sa</Filter>
    </ClCompile>
    <ClCompile Include="..\game_sa\CEntity.cpp">
      <Filter>Source code files\game_sa</Filter>
    </ClCompile>
    <ClCompile Include="..\game_sa\CompressedVector.cpp">
      <Filter>Source code files\game_sa</Filter>
    </ClCompile>
    <ClCompile Include="..\game_sa\CPlaceable.cpp">
      <Filter>Source code files\game_sa</Filter>
    </ClCompile>
    <ClCompile Include="..\game_sa\CPlaneTrail.cpp">
      <Filter>Source code files\game_sa</Filter>
    </ClCompile>
    <ClCompile Include="..\game_sa\CPlaneTrails.cpp">
      <Filter>Source code files\game_sa</Filter>
    </ClCompile>
    <ClCompile Include="..\game_sa\CReference.cpp">
      <Filter>Source code files\game_sa</Filter>
    </ClCompile>
    <ClCompile Include="..\game_sa\CReferences.cpp">
      <Filter>Source code files\game_sa</Filter>
    </ClCompile>
    <ClCompile Include="..\game_sa\CTexDictionary.cpp">
      <Filter>Source code files\game_sa</Filter>
    </ClCompile>
    <ClCompile Include="..\game_sa\CVector2D.cpp">
      <Filter>Source code files\game_sa</Filter>
    </ClCompile>
    <ClCompile Include="..\game_sa\CDummy.cpp">
      <Filter>Source code files\game_sa</Filter>
    </ClCompile>
    <ClCompile Include="..\game_sa\CRegisteredCorona.cpp">
      <Filter>Source code files\game_sa</Filter>
    </ClCompile>
    <ClCompile Include="..\game_sa\CCoronas.cpp">
      <Filter>Source code files\game_sa</Filter>
    </ClCompile>
    <ClCompile Include="..\game_sa\CColPoint.cpp">
      <Filter>Source code files\game_sa</Filter>
    </ClCompile>
    <ClCompile Include="..\game_sa\CPhysical.cpp">
      <Filter>Source code files\game_sa</Filter>
    </ClCompile>
    <ClCompile Include="..\game_sa\CShadowCamera.cpp">
      <Filter>Source code files\game_sa</Filter>
    </ClCompile>
    <ClCompile Include="..\game_sa\common.cpp">
      <Filter>Source code files\game_sa</Filter>
    </ClCompile>
    <ClCompile Include="..\game_sa\CWeaponInfo.cpp">
      <Filter>Source code files\game_sa</Filter>
    </ClCompile>
    <ClCompile Include="..\game_sa\CFont.cpp">
      <Filter>Source code files\game_sa</Filter>
    </ClCompile>
    <ClCompile Include="..\game_sa\cTransmission.cpp">
      <Filter>Source code files\game_sa</Filter>
    </ClCompile>
    <ClCompile Include="..\game_sa\cHandlingDataMgr.cpp">
      <Filter>Source code files\game_sa</Filter>
    </ClCompile>
    <ClCompile Include="..\game_sa\CDarkel.cpp">
      <Filter>Source code files\game_sa</Filter>
    </ClCompile>
    <ClCompile Include="..\game_sa\CPedIntelligence.cpp">
      <Filter>Source code files\game_sa</Filter>
    </ClCompile>
    <ClCompile Include="..\game_sa\CPad.cpp">
      <Filter>Source code files\game_sa</Filter>
    </ClCompile>
    <ClCompile Include="..\game_sa\CWeapon.cpp">
      <Filter>Source code files\game_sa</Filter>
    </ClCompile>
    <ClCompile Include="..\game_sa\CTimer.cpp">
      <Filter>Source code files\game_sa</Filter>
    </ClCompile>
    <ClCompile Include="..\game_sa\CBaseModelInfo.cpp">
      <Filter>Source code files\game_sa</Filter>
    </ClCompile>
    <ClCompile Include="..\game_sa\CTimeModelInfo.cpp">
      <Filter>Source code files\game_sa</Filter>
    </ClCompile>
    <ClCompile Include="..\game_sa\CClumpModelInfo.cpp">
      <Filter>Source code files\game_sa</Filter>
    </ClCompile>
    <ClCompile Include="..\game_sa\CWeaponModelInfo.cpp">
      <Filter>Source code files\game_sa</Filter>
    </ClCompile>
    <ClCompile Include="..\game_sa\CTask.cpp">
      <Filter>Source code files\game_sa</Filter>
    </ClCompile>
    <ClCompile Include="..\game_sa\CTaskSimple.cpp">
      <Filter>Source code files\game_sa</Filter>
    </ClCompile>
    <ClCompile Include="..\game_sa\CTaskComplex.cpp">
      <Filter>Source code files\game_sa</Filter>
    </ClCompile>
    <ClCompile Include="..\game_sa\CTaskComplexKillPedOnFoot.cpp">
      <Filter>Source code files\game_sa</Filter>
    </ClCompile>
    <ClCompile Include="..\game_sa\CScene.cpp">
      <Filter>Source code files\game_sa</Filter>
    </ClCompile>
    <ClCompile Include="..\game_sa\CMenuManager.cpp">
      <Filter>Source code files\game_sa</Filter>
    </ClCompile>
    <ClCompile Include="..\game_sa\CTimeCycleInfo.cpp">
      <Filter>Source code files\game_sa</Filter>
    </ClCompile>
    <ClCompile Include="..\game_sa\CCamera.cpp">
      <Filter>Source code files\game_sa</Filter>
    </ClCompile>
    <ClCompile Include="..\game_sa\CGeneral.cpp">
      <Filter>Source code files\game_sa</Filter>
    </ClCompile>
    <ClCompile Include="..\game_sa\CAtomicModelInfo.cpp">
      <Filter>Source code files\game_sa</Filter>
    </ClCompile>
    <ClCompile Include="..\game_sa\CHudColours.cpp">
      <Filter>Source code files\game_sa</Filter>
    </ClCompile>
    <ClCompile Include="..\game_sa\CSprite.cpp">
      <Filter>Source code files\game_sa</Filter>
    </ClCompile>
    <ClCompile Include="..\game_sa\CWorld.cpp">
      <Filter>Source code files\game_sa</Filter>
    </ClCompile>
    <ClCompile Include="..\game_sa\CStats.cpp">
      <Filter>Source code files\game_sa</Filter>
    </ClCompile>
    <ClCompile Include="..\game_sa\CVehicle.cpp">
      <Filter>Source code files\game_sa</Filter>
    </ClCompile>
    <ClCompile Include="..\game_sa\CAESound.cpp">
      <Filter>Source code files\game_sa</Filter>
    </ClCompile>
    <ClCompile Include="..\game_sa\CAEAudioEntity.cpp">
      <Filter>Source code files\game_sa</Filter>
    </ClCompile>
    <ClCompile Include="..\game_sa\CAERadioTrackManager.cpp">
      <Filter>Source code files\game_sa</Filter>
    </ClCompile>
    <ClCompile Include="..\game_sa\CVisibilityPlugins.cpp">
      <Filter>Source code files\game_sa</Filter>
    </ClCompile>
    <ClCompile Include="..\game_sa\CPools.cpp">
      <Filter>Source code files\game_sa</Filter>
    </ClCompile>
    <ClCompile Include="..\game_sa\CModelInfo.cpp">
      <Filter>Source code files\game_sa</Filter>
    </ClCompile>
    <ClCompile Include="..\game_sa\CSimpleTransform.cpp">
      <Filter>Source code files\game_sa</Filter>
    </ClCompile>
    <ClCompile Include="..\game_sa\CRadar.cpp">
      <Filter>Source code files\game_sa</Filter>
    </ClCompile>
    <ClCompile Include="..\game_sa\CMissionCleanup.cpp">
      <Filter>Source code files\game_sa</Filter>
    </ClCompile>
    <ClCompile Include="..\game_sa\CMatrixLink.cpp">
      <Filter>Source code files\game_sa</Filter>
    </ClCompile>
    <ClCompile Include="..\game_sa\CShadows.cpp">
      <Filter>Source code files\game_sa</Filter>
    </ClCompile>
    <ClCompile Include="..\game_sa\CRealTimeShadow.cpp">
      <Filter>Source code files\game_sa</Filter>
    </ClCompile>
    <ClCompile Include="..\game_sa\CPointlights.cpp">
      <Filter>Source code files\game_sa</Filter>
    </ClCompile>
    <ClCompile Include="..\game_sa\CUserDisplay.cpp">
      <Filter>Source code files\game_sa</Filter>
    </ClCompile>
    <ClCompile Include="..\game_sa\CHud.cpp">
      <Filter>Source code files\game_sa</Filter>
    </ClCompile>
    <ClCompile Include="..\game_sa\CGarages.cpp">
      <Filter>Source code files\game_sa</Filter>
    </ClCompile>
    <ClCompile Include="..\game_sa\CEmergencyPed.cpp">
      <Filter>Source code files\game_sa</Filter>
    </ClCompile>
    <ClCompile Include="..\game_sa\CCopPed.cpp">
      <Filter>Source code files\game_sa</Filter>
    </ClCompile>
    <ClCompile Include="..\game_sa\CCivilianPed.cpp">
      <Filter>Source code files\game_sa</Filter>
    </ClCompile>
  </ItemGroup>
</Project>