
Microsoft Visual Studio Solution File, Format Version 12.00
# Visual Studio 15
Project("{8BC9CEB8-8B4A-11D0-8D11-00A0C91BC942}") = "FullNitrousControl", "FullNitrousControl.vcxproj", "{2D876C1B-196B-2D71-82CB-27C46ECE17F3}"
EndProject
Global
	GlobalSection(SolutionConfigurationPlatforms) = preSolution
		Debug|GTASA = Debug|GTASA
		Release|GTASA = Release|GTASA
	EndGlobalSection
	GlobalSection(ProjectConfigurationPlatforms) = postSolution
		{2D876C1B-196B-2D71-82CB-27C46ECE17F3}.Debug|GTASA.ActiveCfg = Debug GTASA|Win32
		{2D876C1B-196B-2D71-82CB-27C46ECE17F3}.Debug|GTASA.Build.0 = Debug GTASA|Win32
		{2D876C1B-196B-2D71-82CB-27C46ECE17F3}.Release|GTASA.ActiveCfg = Release GTASA|Win32
		{2D876C1B-196B-2D71-82CB-27C46ECE17F3}.Release|GTASA.Build.0 = Release GTASA|Win32
	EndGlobalSection
	GlobalSection(SolutionProperties) = preSolution
		HideSolutionNode = FALSE
	EndGlobalSection
EndGlobal
