<?xml version="1.0" encoding="utf-8"?>
<Project ToolsVersion="4.0" xmlns="http://schemas.microsoft.com/developer/msbuild/2003">
  <ItemGroup>
    <Filter Include="events">
      <UniqueIdentifier>{eed6bcf4-8539-4713-ad20-228409ed4b66}</UniqueIdentifier>
    </Filter>
    <Filter Include="extender">
      <UniqueIdentifier>{ef79c724-5152-40d9-bf40-71b4013fe30e}</UniqueIdentifier>
    </Filter>
    <Filter Include="game_vc">
      <UniqueIdentifier>{2d444e3a-1f64-43e6-8f25-55fb62991d8f}</UniqueIdentifier>
    </Filter>
    <Filter Include="plbase">
      <UniqueIdentifier>{765a53b6-983c-482e-8d8b-a72e29187130}</UniqueIdentifier>
    </Filter>
    <Filter Include="game_vc\Entity">
      <UniqueIdentifier>{30b72636-1b63-4848-b94e-3f7de7206613}</UniqueIdentifier>
    </Filter>
    <Filter Include="game_vc\Entity\Vehicle">
      <UniqueIdentifier>{d94916a4-d19a-4a13-a9d8-0b1cf38cac99}</UniqueIdentifier>
    </Filter>
    <Filter Include="game_vc\Entity\Object">
      <UniqueIdentifier>{8979bc16-68ff-4988-b3e5-99b10203ceb9}</UniqueIdentifier>
    </Filter>
    <Filter Include="game_vc\Entity\Ped">
      <UniqueIdentifier>{70806730-20d6-4e5b-a6c8-d296365d6bec}</UniqueIdentifier>
    </Filter>
    <Filter Include="game_vc\Entity\Dummy">
      <UniqueIdentifier>{ab92e0fc-3eef-473f-8756-5ef94b79c04d}</UniqueIdentifier>
    </Filter>
    <Filter Include="game_vc\Models">
      <UniqueIdentifier>{e92f99bd-6078-4f5e-8292-010047c842f5}</UniqueIdentifier>
    </Filter>
    <Filter Include="game_vc\Collision">
      <UniqueIdentifier>{fe87e1f0-9ba2-47cc-b439-5ebaca06e472}</UniqueIdentifier>
    </Filter>
    <Filter Include="game_vc\Enums">
      <UniqueIdentifier>{25684c32-cbe7-4737-a236-6c91c4175680}</UniqueIdentifier>
    </Filter>
    <Filter Include="game_vc\RenderWare">
      <UniqueIdentifier>{280cb9f6-7f0e-4252-a3d5-d0e2fff1d17e}</UniqueIdentifier>
    </Filter>
    <Filter Include="game_vc\RenderWare\rw">
      <UniqueIdentifier>{21e6fa82-1630-4526-a7b3-0857e2342df8}</UniqueIdentifier>
    </Filter>
    <Filter Include="game_vc\Plugins">
      <UniqueIdentifier>{d6e4ec5a-22bd-430e-b36a-f9603dc16c10}</UniqueIdentifier>
    </Filter>
    <Filter Include="extensions">
      <UniqueIdentifier>{f4ab649f-f4a0-43c5-b64a-259dbaa612d5}</UniqueIdentifier>
    </Filter>
  </ItemGroup>
  <ItemGroup>
    <ClInclude Include="..\plugin_vc.h" />
    <ClInclude Include="..\events\Events_VC.h">
      <Filter>events</Filter>
    </ClInclude>
    <ClInclude Include="..\extender\ObjectExtender_VC.h">
      <Filter>extender</Filter>
    </ClInclude>
    <ClInclude Include="..\extender\PedExtender_VC.h">
      <Filter>extender</Filter>
    </ClInclude>
    <ClInclude Include="..\extender\VehicleExtender_VC.h">
      <Filter>extender</Filter>
    </ClInclude>
    <ClInclude Include="..\plbase\PluginBase_VC.h">
      <Filter>plbase</Filter>
    </ClInclude>
    <ClInclude Include="..\game_vc\rw\rpcriter.h">
      <Filter>game_vc\RenderWare\rw</Filter>
    </ClInclude>
    <ClInclude Include="..\game_vc\rw\rperror.h">
      <Filter>game_vc\RenderWare\rw</Filter>
    </ClInclude>
    <ClInclude Include="..\game_vc\rw\rphanim.h">
      <Filter>game_vc\RenderWare\rw</Filter>
    </ClInclude>
    <ClInclude Include="..\game_vc\rw\rpmatfx.h">
      <Filter>game_vc\RenderWare\rw</Filter>
    </ClInclude>
    <ClInclude Include="..\game_vc\rw\rpskin.h">
      <Filter>game_vc\RenderWare\rw</Filter>
    </ClInclude>
    <ClInclude Include="..\game_vc\rw\rpworld.h">
      <Filter>game_vc\RenderWare\rw</Filter>
    </ClInclude>
    <ClInclude Include="..\game_vc\rw\rtanim.h">
      <Filter>game_vc\RenderWare\rw</Filter>
    </ClInclude>
    <ClInclude Include="..\game_vc\rw\rtquat.h">
      <Filter>game_vc\RenderWare\rw</Filter>
    </ClInclude>
    <ClInclude Include="..\game_vc\rw\rwcore.h">
      <Filter>game_vc\RenderWare\rw</Filter>
    </ClInclude>
    <ClInclude Include="..\game_vc\rw\rwplcore.h">
      <Filter>game_vc\RenderWare\rw</Filter>
    </ClInclude>
    <ClInclude Include="..\game_vc\rw\skeleton.h">
      <Filter>game_vc\RenderWare\rw</Filter>
    </ClInclude>
    <ClInclude Include="..\game_vc\CPool.h">
      <Filter>game_vc</Filter>
    </ClInclude>
    <ClInclude Include="..\game_vc\CPools.h">
      <Filter>game_vc</Filter>
    </ClInclude>
    <ClInclude Include="..\game_vc\CMatrix.h">
      <Filter>game_vc</Filter>
    </ClInclude>
    <ClInclude Include="..\game_vc\CRect.h">
      <Filter>game_vc</Filter>
    </ClInclude>
    <ClInclude Include="..\game_vc\CVector.h">
      <Filter>game_vc</Filter>
    </ClInclude>
    <ClInclude Include="..\game_vc\CVector2D.h">
      <Filter>game_vc</Filter>
    </ClInclude>
    <ClInclude Include="..\game_vc\CSector.h">
      <Filter>game_vc</Filter>
    </ClInclude>
    <ClInclude Include="..\game_vc\CPtrList.h">
      <Filter>game_vc</Filter>
    </ClInclude>
    <ClInclude Include="..\game_vc\CEntryInfoList.h">
      <Filter>game_vc</Filter>
    </ClInclude>
    <ClInclude Include="..\game_vc\CAutoPilot.h">
      <Filter>game_vc</Filter>
    </ClInclude>
    <ClInclude Include="..\game_vc\CStoredCollPoly.h">
      <Filter>game_vc</Filter>
    </ClInclude>
    <ClInclude Include="..\game_vc\CSprite2d.h">
      <Filter>game_vc</Filter>
    </ClInclude>
    <ClInclude Include="..\game_vc\CRGBA.h">
      <Filter>game_vc</Filter>
    </ClInclude>
    <ClInclude Include="..\game_vc\CSprite.h">
      <Filter>game_vc</Filter>
    </ClInclude>
    <ClInclude Include="..\game_vc\CTimer.h">
      <Filter>game_vc</Filter>
    </ClInclude>
    <ClInclude Include="..\game_vc\CGeneral.h">
      <Filter>game_vc</Filter>
    </ClInclude>
    <ClInclude Include="..\game_vc\CDamageManager.h">
      <Filter>game_vc</Filter>
    </ClInclude>
    <ClInclude Include="..\game_vc\CWeapon.h">
      <Filter>game_vc</Filter>
    </ClInclude>
    <ClInclude Include="..\game_vc\CDoor.h">
      <Filter>game_vc</Filter>
    </ClInclude>
    <ClInclude Include="..\game_vc\CAutomobile.h">
      <Filter>game_vc\Entity\Vehicle</Filter>
    </ClInclude>
    <ClInclude Include="..\game_vc\CVehicle.h">
      <Filter>game_vc\Entity\Vehicle</Filter>
    </ClInclude>
    <ClInclude Include="..\game_vc\CEntity.h">
      <Filter>game_vc\Entity</Filter>
    </ClInclude>
    <ClInclude Include="..\game_vc\CPhysical.h">
      <Filter>game_vc\Entity</Filter>
    </ClInclude>
    <ClInclude Include="..\game_vc\CTreadable.h">
      <Filter>game_vc\Entity</Filter>
    </ClInclude>
    <ClInclude Include="..\game_vc\CPlaceable.h">
      <Filter>game_vc\Entity</Filter>
    </ClInclude>
    <ClInclude Include="..\game_vc\CObject.h">
      <Filter>game_vc\Entity\Object</Filter>
    </ClInclude>
    <ClInclude Include="..\game_vc\CCopPed.h">
      <Filter>game_vc\Entity\Ped</Filter>
    </ClInclude>
    <ClInclude Include="..\game_vc\CPed.h">
      <Filter>game_vc\Entity\Ped</Filter>
    </ClInclude>
    <ClInclude Include="..\game_vc\CPlayerPed.h">
      <Filter>game_vc\Entity\Ped</Filter>
    </ClInclude>
    <ClInclude Include="..\game_vc\CDummy.h">
      <Filter>game_vc\Entity\Dummy</Filter>
    </ClInclude>
    <ClInclude Include="..\game_vc\CDummyObject.h">
      <Filter>game_vc\Entity\Dummy</Filter>
    </ClInclude>
    <ClInclude Include="..\game_vc\CBaseModelInfo.h">
      <Filter>game_vc\Models</Filter>
    </ClInclude>
    <ClInclude Include="..\game_vc\CHeli.h">
      <Filter>game_vc\Entity\Vehicle</Filter>
    </ClInclude>
    <ClInclude Include="..\game_vc\CClumpModelInfo.h">
      <Filter>game_vc\Models</Filter>
    </ClInclude>
    <ClInclude Include="..\game_vc\RwObjectNameIdAssocation.h">
      <Filter>game_vc</Filter>
    </ClInclude>
    <ClInclude Include="..\game_vc\CWeaponModelInfo.h">
      <Filter>game_vc\Models</Filter>
    </ClInclude>
    <ClInclude Include="..\game_vc\CSimpleModelInfo.h">
      <Filter>game_vc\Models</Filter>
    </ClInclude>
    <ClInclude Include="..\game_vc\CBike.h">
      <Filter>game_vc\Entity\Vehicle</Filter>
    </ClInclude>
    <ClInclude Include="..\game_vc\CVehicleModelInfo.h">
      <Filter>game_vc\Models</Filter>
    </ClInclude>
    <ClInclude Include="..\game_vc\CIniFile.h">
      <Filter>game_vc</Filter>
    </ClInclude>
    <ClInclude Include="..\game_vc\CPedModelInfo.h">
      <Filter>game_vc\Models</Filter>
    </ClInclude>
    <ClInclude Include="..\game_vc\CQuaternion.h">
      <Filter>game_vc</Filter>
    </ClInclude>
    <ClInclude Include="..\game_vc\cTransmission.h">
      <Filter>game_vc</Filter>
    </ClInclude>
    <ClInclude Include="..\game_vc\tTransmissionGear.h">
      <Filter>game_vc</Filter>
    </ClInclude>
    <ClInclude Include="..\game_vc\CBox.h">
      <Filter>game_vc</Filter>
    </ClInclude>
    <ClInclude Include="..\game_vc\CBuilding.h">
      <Filter>game_vc\Entity</Filter>
    </ClInclude>
    <ClInclude Include="..\game_vc\CBulletTraces.h">
      <Filter>game_vc</Filter>
    </ClInclude>
    <ClInclude Include="..\game_vc\CCarGenerator.h">
      <Filter>game_vc</Filter>
    </ClInclude>
    <ClInclude Include="..\game_vc\CBoat.h">
      <Filter>game_vc\Entity\Vehicle</Filter>
    </ClInclude>
    <ClInclude Include="..\game_vc\CWheel.h">
      <Filter>game_vc</Filter>
    </ClInclude>
    <ClInclude Include="..\game_vc\CPedIK.h">
      <Filter>game_vc</Filter>
    </ClInclude>
    <ClInclude Include="..\game_vc\CPathNode.h">
      <Filter>game_vc</Filter>
    </ClInclude>
    <ClInclude Include="..\game_vc\CClock.h">
      <Filter>game_vc</Filter>
    </ClInclude>
    <ClInclude Include="..\game_vc\CPlane.h">
      <Filter>game_vc\Entity\Vehicle</Filter>
    </ClInclude>
    <ClInclude Include="..\game_vc\CCurrentVehicle.h">
      <Filter>game_vc</Filter>
    </ClInclude>
    <ClInclude Include="..\game_vc\CCutsceneObject.h">
      <Filter>game_vc\Entity\Object</Filter>
    </ClInclude>
    <ClInclude Include="..\game_vc\CFont.h">
      <Filter>game_vc</Filter>
    </ClInclude>
    <ClInclude Include="..\game_vc\common.h">
      <Filter>game_vc</Filter>
    </ClInclude>
    <ClInclude Include="..\game_vc\CProjectile.h">
      <Filter>game_vc\Entity\Object</Filter>
    </ClInclude>
    <ClInclude Include="..\game_vc\CTrain.h">
      <Filter>game_vc\Entity\Vehicle</Filter>
    </ClInclude>
    <ClInclude Include="..\game_vc\CClouds.h">
      <Filter>game_vc</Filter>
    </ClInclude>
    <ClInclude Include="..\game_vc\CPopulation.h">
      <Filter>game_vc</Filter>
    </ClInclude>
    <ClInclude Include="..\game_vc\CColModel.h">
      <Filter>game_vc\Collision</Filter>
    </ClInclude>
    <ClInclude Include="..\game_vc\CColPoint.h">
      <Filter>game_vc\Collision</Filter>
    </ClInclude>
    <ClInclude Include="..\game_vc\CColLine.h">
      <Filter>game_vc\Collision</Filter>
    </ClInclude>
    <ClInclude Include="..\game_vc\CColBox.h">
      <Filter>game_vc\Collision</Filter>
    </ClInclude>
    <ClInclude Include="..\game_vc\CSphere.h">
      <Filter>game_vc</Filter>
    </ClInclude>
    <ClInclude Include="..\game_vc\CColSphere.h">
      <Filter>game_vc\Collision</Filter>
    </ClInclude>
    <ClInclude Include="..\game_vc\CTimeModelInfo.h">
      <Filter>game_vc\Models</Filter>
    </ClInclude>
    <ClInclude Include="..\game_vc\CCivilianPed.h">
      <Filter>game_vc\Entity\Ped</Filter>
    </ClInclude>
    <ClInclude Include="..\game_vc\CScene.h">
      <Filter>game_vc</Filter>
    </ClInclude>
    <ClInclude Include="..\game_vc\CEmergencyPed.h">
      <Filter>game_vc\Entity\Ped</Filter>
    </ClInclude>
    <ClInclude Include="..\game_vc\CPad.h">
      <Filter>game_vc</Filter>
    </ClInclude>
    <ClInclude Include="..\game_vc\CPlayerInfo.h">
      <Filter>game_vc</Filter>
    </ClInclude>
    <ClInclude Include="..\game_vc\CPlayerSkin.h">
      <Filter>game_vc</Filter>
    </ClInclude>
    <ClInclude Include="..\game_vc\CFontDetails.h">
      <Filter>game_vc</Filter>
    </ClInclude>
    <ClInclude Include="..\game_vc\eCopType.h">
      <Filter>game_vc\Enums</Filter>
    </ClInclude>
    <ClInclude Include="..\game_vc\ePedModel.h">
      <Filter>game_vc\Enums</Filter>
    </ClInclude>
    <ClInclude Include="..\game_vc\ePedType.h">
      <Filter>game_vc\Enums</Filter>
    </ClInclude>
    <ClInclude Include="..\game_vc\eVehicleFlags.h">
      <Filter>game_vc\Enums</Filter>
    </ClInclude>
    <ClInclude Include="..\game_vc\eWeaponModel.h">
      <Filter>game_vc\Enums</Filter>
    </ClInclude>
    <ClInclude Include="..\game_vc\eWeaponType.h">
      <Filter>game_vc\Enums</Filter>
    </ClInclude>
    <ClInclude Include="..\game_vc\RenderWare.h">
      <Filter>game_vc\RenderWare</Filter>
    </ClInclude>
    <ClInclude Include="..\game_vc\CModelInfo.h">
      <Filter>game_vc\Models</Filter>
    </ClInclude>
    <ClInclude Include="..\game_vc\NodeName.h">
      <Filter>game_vc\Plugins</Filter>
    </ClInclude>
    <ClInclude Include="..\game_vc\CCutsceneShadow.h">
      <Filter>game_vc</Filter>
    </ClInclude>
    <ClInclude Include="..\game_vc\tParticleType.h">
      <Filter>game_vc\Enums</Filter>
    </ClInclude>
    <ClInclude Include="..\game_vc\CShadowCamera.h">
      <Filter>game_vc</Filter>
    </ClInclude>
    <ClInclude Include="..\game_vc\eCoronaType.h">
      <Filter>game_vc\Enums</Filter>
    </ClInclude>
    <ClInclude Include="..\game_vc\eEntityStatus.h">
      <Filter>game_vc\Enums</Filter>
    </ClInclude>
    <ClInclude Include="..\game_vc\eExplosionType.h">
      <Filter>game_vc\Enums</Filter>
    </ClInclude>
    <ClInclude Include="..\game_vc\eFormation.h">
      <Filter>game_vc\Enums</Filter>
    </ClInclude>
    <ClInclude Include="..\game_vc\eGangType.h">
      <Filter>game_vc\Enums</Filter>
    </ClInclude>
    <ClInclude Include="..\game_vc\eLevelName.h">
      <Filter>game_vc\Enums</Filter>
    </ClInclude>
    <ClInclude Include="..\game_vc\eParticleObjectType.h">
      <Filter>game_vc\Enums</Filter>
    </ClInclude>
    <ClInclude Include="..\game_vc\ePedStats.h">
      <Filter>game_vc\Enums</Filter>
    </ClInclude>
    <ClInclude Include="..\game_vc\ePickupType.h">
      <Filter>game_vc\Enums</Filter>
    </ClInclude>
    <ClInclude Include="..\game_vc\eRadioStations.h">
      <Filter>game_vc\Enums</Filter>
    </ClInclude>
    <ClInclude Include="..\game_vc\eShadowType.h">
      <Filter>game_vc\Enums</Filter>
    </ClInclude>
    <ClInclude Include="..\game_vc\eWaitState.h">
      <Filter>game_vc\Enums</Filter>
    </ClInclude>
    <ClInclude Include="..\game_vc\eWeather.h">
      <Filter>game_vc\Enums</Filter>
    </ClInclude>
    <ClInclude Include="..\game_vc\cHandlingDataMgr.h">
      <Filter>game_vc</Filter>
    </ClInclude>
    <ClInclude Include="..\game_vc\tBikeHandlingData.h">
      <Filter>game_vc</Filter>
    </ClInclude>
    <ClInclude Include="..\game_vc\tBoatHandlingData.h">
      <Filter>game_vc</Filter>
    </ClInclude>
    <ClInclude Include="..\game_vc\tFlyingHandlingData.h">
      <Filter>game_vc</Filter>
    </ClInclude>
    <ClInclude Include="..\game_vc\tHandlingData.h">
      <Filter>game_vc</Filter>
    </ClInclude>
    <ClInclude Include="..\game_vc\ePedPieceTypes.h">
      <Filter>game_vc\Enums</Filter>
    </ClInclude>
    <ClInclude Include="..\game_vc\eMoveState.h">
      <Filter>game_vc\Enums</Filter>
    </ClInclude>
    <ClInclude Include="..\game_vc\eEventType.h">
      <Filter>game_vc\Enums</Filter>
    </ClInclude>
    <ClInclude Include="..\game_vc\eObjective.h">
      <Filter>game_vc\Enums</Filter>
    </ClInclude>
    <ClInclude Include="..\game_vc\CWorld.h">
      <Filter>game_vc</Filter>
    </ClInclude>
    <ClInclude Include="..\game_vc\CStats.h">
      <Filter>game_vc</Filter>
    </ClInclude>
    <ClInclude Include="..\game_vc\CPedStats.h">
      <Filter>game_vc</Filter>
    </ClInclude>
    <ClInclude Include="..\game_vc\CPedType.h">
      <Filter>game_vc</Filter>
    </ClInclude>
    <ClInclude Include="..\game_vc\ePedStates.h">
      <Filter>game_vc\Enums</Filter>
    </ClInclude>
    <ClInclude Include="..\game_vc\CDraw.h">
      <Filter>game_vc</Filter>
    </ClInclude>
    <ClInclude Include="..\game_vc\CWanted.h">
      <Filter>game_vc</Filter>
    </ClInclude>
    <ClInclude Include="..\game_vc\CWeaponInfo.h">
      <Filter>game_vc</Filter>
    </ClInclude>
    <ClInclude Include="..\game_vc\eCrimeType.h">
      <Filter>game_vc\Enums</Filter>
    </ClInclude>
    <ClInclude Include="..\game_vc\CWeaponEffects.h">
      <Filter>game_vc</Filter>
    </ClInclude>
    <ClInclude Include="..\game_vc\eWeaponFire.h">
      <Filter>game_vc\Enums</Filter>
    </ClInclude>
    <ClInclude Include="..\game_vc\CZone.h">
      <Filter>game_vc</Filter>
    </ClInclude>
    <ClInclude Include="..\game_vc\CTheZones.h">
      <Filter>game_vc</Filter>
    </ClInclude>
    <ClInclude Include="..\game_vc\CTxdStore.h">
      <Filter>game_vc</Filter>
    </ClInclude>
    <ClInclude Include="..\game_vc\TxdDef.h">
      <Filter>game_vc</Filter>
    </ClInclude>
    <ClInclude Include="..\game_vc\CUserDisplay.h">
      <Filter>game_vc</Filter>
    </ClInclude>
    <ClInclude Include="..\game_vc\COnscreenTimer.h">
      <Filter>game_vc</Filter>
    </ClInclude>
    <ClInclude Include="..\game_vc\CWeather.h">
      <Filter>game_vc</Filter>
    </ClInclude>
    <ClInclude Include="..\game_vc\CEscalators.h">
      <Filter>game_vc</Filter>
    </ClInclude>
    <ClInclude Include="..\game_vc\CDarkel.h">
      <Filter>game_vc</Filter>
    </ClInclude>
    <ClInclude Include="..\game_vc\CPickups.h">
      <Filter>game_vc</Filter>
    </ClInclude>
    <ClInclude Include="..\game_vc\CPhone.h">
      <Filter>game_vc</Filter>
    </ClInclude>
    <ClInclude Include="..\game_vc\CPedPlacement.h">
      <Filter>game_vc</Filter>
    </ClInclude>
    <ClInclude Include="..\extensions\Screen.h">
      <Filter>extensions</Filter>
    </ClInclude>
    <ClInclude Include="..\game_vc\CCarCtrl.h">
      <Filter>game_vc</Filter>
    </ClInclude>
    <ClInclude Include="..\game_vc\CHud.h">
      <Filter>game_vc</Filter>
    </ClInclude>
  </ItemGroup>
  <ItemGroup>
    <ClCompile Include="..\events\Events_VC.cpp">
      <Filter>events</Filter>
    </ClCompile>
    <ClCompile Include="..\plbase\PluginBase_VC.cpp">
      <Filter>plbase</Filter>
    </ClCompile>
    <ClCompile Include="..\game_vc\CPools.cpp">
      <Filter>game_vc</Filter>
    </ClCompile>
    <ClCompile Include="..\game_vc\CMatrix.cpp">
      <Filter>game_vc</Filter>
    </ClCompile>
    <ClCompile Include="..\game_vc\CVector.cpp">
      <Filter>game_vc</Filter>
    </ClCompile>
    <ClCompile Include="..\game_vc\CEntryInfoList.cpp">
      <Filter>game_vc</Filter>
    </ClCompile>
    <ClCompile Include="..\game_vc\CPtrList.cpp">
      <Filter>game_vc</Filter>
    </ClCompile>
    <ClCompile Include="..\game_vc\CSprite2d.cpp">
      <Filter>game_vc</Filter>
    </ClCompile>
    <ClCompile Include="..\game_vc\CRGBA.cpp">
      <Filter>game_vc</Filter>
    </ClCompile>
    <ClCompile Include="..\game_vc\CSprite.cpp">
      <Filter>game_vc</Filter>
    </ClCompile>
    <ClCompile Include="..\game_vc\CTimer.cpp">
      <Filter>game_vc</Filter>
    </ClCompile>
    <ClCompile Include="..\game_vc\CGeneral.cpp">
      <Filter>game_vc</Filter>
    </ClCompile>
    <ClCompile Include="..\game_vc\CDamageManager.cpp">
      <Filter>game_vc</Filter>
    </ClCompile>
    <ClCompile Include="..\game_vc\CWeapon.cpp">
      <Filter>game_vc</Filter>
    </ClCompile>
    <ClCompile Include="..\game_vc\CDoor.cpp">
      <Filter>game_vc</Filter>
    </ClCompile>
    <ClCompile Include="..\game_vc\CAutomobile.cpp">
      <Filter>game_vc\Entity\Vehicle</Filter>
    </ClCompile>
    <ClCompile Include="..\game_vc\CVehicle.cpp">
      <Filter>game_vc\Entity\Vehicle</Filter>
    </ClCompile>
    <ClCompile Include="..\game_vc\CEntity.cpp">
      <Filter>game_vc\Entity</Filter>
    </ClCompile>
    <ClCompile Include="..\game_vc\CPhysical.cpp">
      <Filter>game_vc\Entity</Filter>
    </ClCompile>
    <ClCompile Include="..\game_vc\CTreadable.cpp">
      <Filter>game_vc\Entity</Filter>
    </ClCompile>
    <ClCompile Include="..\game_vc\CPlaceable.cpp">
      <Filter>game_vc\Entity</Filter>
    </ClCompile>
    <ClCompile Include="..\game_vc\CBuilding.cpp">
      <Filter>game_vc\Entity</Filter>
    </ClCompile>
    <ClCompile Include="..\game_vc\CObject.cpp">
      <Filter>game_vc\Entity\Object</Filter>
    </ClCompile>
    <ClCompile Include="..\game_vc\CCopPed.cpp">
      <Filter>game_vc\Entity\Ped</Filter>
    </ClCompile>
    <ClCompile Include="..\game_vc\CPed.cpp">
      <Filter>game_vc\Entity\Ped</Filter>
    </ClCompile>
    <ClCompile Include="..\game_vc\CPlayerPed.cpp">
      <Filter>game_vc\Entity\Ped</Filter>
    </ClCompile>
    <ClCompile Include="..\game_vc\CDummy.cpp">
      <Filter>game_vc\Entity\Dummy</Filter>
    </ClCompile>
    <ClCompile Include="..\game_vc\CDummyObject.cpp">
      <Filter>game_vc\Entity\Dummy</Filter>
    </ClCompile>
    <ClCompile Include="..\game_vc\CBaseModelInfo.cpp">
      <Filter>game_vc\Models</Filter>
    </ClCompile>
    <ClCompile Include="..\game_vc\CHeli.cpp">
      <Filter>game_vc\Entity\Vehicle</Filter>
    </ClCompile>
    <ClCompile Include="..\game_vc\CClumpModelInfo.cpp">
      <Filter>game_vc\Models</Filter>
    </ClCompile>
    <ClCompile Include="..\game_vc\CWeaponModelInfo.cpp">
      <Filter>game_vc\Models</Filter>
    </ClCompile>
    <ClCompile Include="..\game_vc\CSimpleModelInfo.cpp">
      <Filter>game_vc\Models</Filter>
    </ClCompile>
    <ClCompile Include="..\game_vc\CBike.cpp">
      <Filter>game_vc\Entity\Vehicle</Filter>
    </ClCompile>
    <ClCompile Include="..\game_vc\CVehicleModelInfo.cpp">
      <Filter>game_vc\Models</Filter>
    </ClCompile>
    <ClCompile Include="..\game_vc\CIniFile.cpp">
      <Filter>game_vc</Filter>
    </ClCompile>
    <ClCompile Include="..\game_vc\CPedModelInfo.cpp">
      <Filter>game_vc\Models</Filter>
    </ClCompile>
    <ClCompile Include="..\game_vc\CQuaternion.cpp">
      <Filter>game_vc</Filter>
    </ClCompile>
    <ClCompile Include="..\game_vc\cTransmission.cpp">
      <Filter>game_vc</Filter>
    </ClCompile>
    <ClCompile Include="..\game_vc\CBox.cpp">
      <Filter>game_vc</Filter>
    </ClCompile>
    <ClCompile Include="..\game_vc\CBulletTraces.cpp">
      <Filter>game_vc</Filter>
    </ClCompile>
    <ClCompile Include="..\game_vc\CCarGenerator.cpp">
      <Filter>game_vc</Filter>
    </ClCompile>
    <ClCompile Include="..\game_vc\CBoat.cpp">
      <Filter>game_vc\Entity\Vehicle</Filter>
    </ClCompile>
    <ClCompile Include="..\game_vc\CPedIK.cpp">
      <Filter>game_vc</Filter>
    </ClCompile>
    <ClCompile Include="..\game_vc\CPathNode.cpp">
      <Filter>game_vc</Filter>
    </ClCompile>
    <ClCompile Include="..\game_vc\CClock.cpp">
      <Filter>game_vc</Filter>
    </ClCompile>
    <ClCompile Include="..\game_vc\CPlane.cpp">
      <Filter>game_vc\Entity\Vehicle</Filter>
    </ClCompile>
    <ClCompile Include="..\game_vc\CCutsceneObject.cpp">
      <Filter>game_vc\Entity\Object</Filter>
    </ClCompile>
    <ClCompile Include="..\game_vc\CFont.cpp">
      <Filter>game_vc</Filter>
    </ClCompile>
    <ClCompile Include="..\game_vc\common.cpp">
      <Filter>game_vc</Filter>
    </ClCompile>
    <ClCompile Include="..\game_vc\CProjectile.cpp">
      <Filter>game_vc\Entity\Object</Filter>
    </ClCompile>
    <ClCompile Include="..\game_vc\CTrain.cpp">
      <Filter>game_vc\Entity\Vehicle</Filter>
    </ClCompile>
    <ClCompile Include="..\game_vc\CClouds.cpp">
      <Filter>game_vc</Filter>
    </ClCompile>
    <ClCompile Include="..\game_vc\CPopulation.cpp">
      <Filter>game_vc</Filter>
    </ClCompile>
    <ClCompile Include="..\game_vc\CColPoint.cpp">
      <Filter>game_vc\Collision</Filter>
    </ClCompile>
    <ClCompile Include="..\game_vc\CColLine.cpp">
      <Filter>game_vc\Collision</Filter>
    </ClCompile>
    <ClCompile Include="..\game_vc\CColBox.cpp">
      <Filter>game_vc\Collision</Filter>
    </ClCompile>
    <ClCompile Include="..\game_vc\CSphere.cpp">
      <Filter>game_vc</Filter>
    </ClCompile>
    <ClCompile Include="..\game_vc\CColSphere.cpp">
      <Filter>game_vc\Collision</Filter>
    </ClCompile>
    <ClCompile Include="..\game_vc\CColModel.cpp">
      <Filter>game_vc\Collision</Filter>
    </ClCompile>
    <ClCompile Include="..\game_vc\CTimeModelInfo.cpp">
      <Filter>game_vc\Models</Filter>
    </ClCompile>
    <ClCompile Include="..\game_vc\CCivilianPed.cpp">
      <Filter>game_vc\Entity\Ped</Filter>
    </ClCompile>
    <ClCompile Include="..\game_vc\CEmergencyPed.cpp">
      <Filter>game_vc\Entity\Ped</Filter>
    </ClCompile>
    <ClCompile Include="..\game_vc\CPad.cpp">
      <Filter>game_vc</Filter>
    </ClCompile>
    <ClCompile Include="..\game_vc\CPlayerInfo.cpp">
      <Filter>game_vc</Filter>
    </ClCompile>
    <ClCompile Include="..\game_vc\CPlayerSkin.cpp">
      <Filter>game_vc</Filter>
    </ClCompile>
    <ClCompile Include="..\game_vc\CScene.cpp">
      <Filter>game_vc</Filter>
    </ClCompile>
    <ClCompile Include="..\game_vc\CFontDetails.cpp">
      <Filter>game_vc</Filter>
    </ClCompile>
    <ClCompile Include="..\game_vc\RenderWare.cpp">
      <Filter>game_vc\RenderWare</Filter>
    </ClCompile>
    <ClCompile Include="..\game_vc\CModelInfo.cpp">
      <Filter>game_vc\Models</Filter>
    </ClCompile>
    <ClCompile Include="..\game_vc\NodeName.cpp">
      <Filter>game_vc\Plugins</Filter>
    </ClCompile>
    <ClCompile Include="..\game_vc\CCutsceneShadow.cpp">
      <Filter>game_vc</Filter>
    </ClCompile>
    <ClCompile Include="..\game_vc\CShadowCamera.cpp">
      <Filter>game_vc</Filter>
    </ClCompile>
    <ClCompile Include="..\game_vc\cHandlingDataMgr.cpp">
      <Filter>game_vc</Filter>
    </ClCompile>
    <ClCompile Include="..\game_vc\CWorld.cpp">
      <Filter>game_vc</Filter>
    </ClCompile>
    <ClCompile Include="..\game_vc\CStats.cpp">
      <Filter>game_vc</Filter>
    </ClCompile>
    <ClCompile Include="..\game_vc\CPedStats.cpp">
      <Filter>game_vc</Filter>
    </ClCompile>
    <ClCompile Include="..\game_vc\CPedType.cpp">
      <Filter>game_vc</Filter>
    </ClCompile>
    <ClCompile Include="..\game_vc\CDraw.cpp">
      <Filter>game_vc</Filter>
    </ClCompile>
    <ClCompile Include="..\game_vc\CWanted.cpp">
      <Filter>game_vc</Filter>
    </ClCompile>
    <ClCompile Include="..\game_vc\CWeaponInfo.cpp">
      <Filter>game_vc</Filter>
    </ClCompile>
    <ClCompile Include="..\game_vc\CWeaponEffects.cpp">
      <Filter>game_vc</Filter>
    </ClCompile>
    <ClCompile Include="..\game_vc\CZone.cpp">
      <Filter>game_vc</Filter>
    </ClCompile>
    <ClCompile Include="..\game_vc\CTheZones.cpp">
      <Filter>game_vc</Filter>
    </ClCompile>
    <ClCompile Include="..\game_vc\CTxdStore.cpp">
      <Filter>game_vc</Filter>
    </ClCompile>
    <ClCompile Include="..\game_vc\CUserDisplay.cpp">
      <Filter>game_vc</Filter>
    </ClCompile>
    <ClCompile Include="..\game_vc\COnscreenTimer.cpp">
      <Filter>game_vc</Filter>
    </ClCompile>
    <ClCompile Include="..\game_vc\CWeather.cpp">
      <Filter>game_vc</Filter>
    </ClCompile>
    <ClCompile Include="..\game_vc\CEscalators.cpp">
      <Filter>game_vc</Filter>
    </ClCompile>
    <ClCompile Include="..\game_vc\CDarkel.cpp">
      <Filter>game_vc</Filter>
    </ClCompile>
    <ClCompile Include="..\game_vc\CPickups.cpp">
      <Filter>game_vc</Filter>
    </ClCompile>
    <ClCompile Include="..\game_vc\CPhone.cpp">
      <Filter>game_vc</Filter>
    </ClCompile>
    <ClCompile Include="..\game_vc\CPedPlacement.cpp">
      <Filter>game_vc</Filter>
    </ClCompile>
    <ClCompile Include="..\extensions\Screen.cpp">
      <Filter>extensions</Filter>
    </ClCompile>
    <ClCompile Include="..\game_vc\CCarCtrl.cpp">
      <Filter>game_vc</Filter>
    </ClCompile>
    <ClCompile Include="..\game_vc\CHud.cpp">
      <Filter>game_vc</Filter>
    </ClCompile>
  </ItemGroup>
  <ItemGroup>
    <None Include="..\game_vc\rw\errcom.def">
      <Filter>game_vc\RenderWare\rw</Filter>
    </None>
    <None Include="..\game_vc\rw\errcore.def">
      <Filter>game_vc\RenderWare\rw</Filter>
    </None>
    <None Include="..\..\plugin_sa\proj\proj.licenseheader" />
  </ItemGroup>
  <ItemGroup>
    <Xml Include="dxsdk_customprops.xml" />
  </ItemGroup>
</Project>