<?xml version="1.0" encoding="utf-8"?>
<Project ToolsVersion="4.0" xmlns="http://schemas.microsoft.com/developer/msbuild/2003">
  <ItemGroup>
    <Filter Include="game_sa">
      <UniqueIdentifier>{ac9249c9-b409-4ecf-8ae7-4e90d5b994be}</UniqueIdentifier>
    </Filter>
    <Filter Include="additional">
      <UniqueIdentifier>{1c5c6dff-fb8c-4551-b835-d73266aa4b60}</UniqueIdentifier>
    </Filter>
    <Filter Include="extender">
      <UniqueIdentifier>{1e6b7844-5083-4288-b14b-7cd5eaa06cea}</UniqueIdentifier>
    </Filter>
    <Filter Include="plbase">
      <UniqueIdentifier>{48ceb033-6aa8-496d-8d36-6ec56d8e4613}</UniqueIdentifier>
    </Filter>
    <Filter Include="events">
      <UniqueIdentifier>{81f3f40b-41c5-4e56-8d6d-a337476a32ed}</UniqueIdentifier>
    </Filter>
    <Filter Include="additional\patch">
      <UniqueIdentifier>{e852573c-1d54-4b5a-8605-af36846da16d}</UniqueIdentifier>
    </Filter>
    <Filter Include="additional\scripts_wrapper">
      <UniqueIdentifier>{be1a5ddc-6543-4780-ac5d-e50573a661dc}</UniqueIdentifier>
    </Filter>
    <Filter Include="additional\settings">
      <UniqueIdentifier>{f4cbd8c9-57d9-4a7f-943e-d1e0965b7566}</UniqueIdentifier>
    </Filter>
  </ItemGroup>
  <ItemGroup>
    <ClInclude Include="..\game_sa\AnimBlendFrameData.h">
      <Filter>game_sa</Filter>
    </ClInclude>
    <ClInclude Include="..\game_sa\C2dEffect.h">
      <Filter>game_sa</Filter>
    </ClInclude>
    <ClInclude Include="..\game_sa\CAEAudioEntity.h">
      <Filter>game_sa</Filter>
    </ClInclude>
    <ClInclude Include="..\game_sa\CAERadioTrackManager.h">
      <Filter>game_sa</Filter>
    </ClInclude>
    <ClInclude Include="..\game_sa\CAESound.h">
      <Filter>game_sa</Filter>
    </ClInclude>
    <ClInclude Include="..\game_sa\CAETwinLoopSoundEntity.h">
      <Filter>game_sa</Filter>
    </ClInclude>
    <ClInclude Include="..\game_sa\CAEVehicleAudioEntity.h">
      <Filter>game_sa</Filter>
    </ClInclude>
    <ClInclude Include="..\game_sa\CAnimBlendAssociation.h">
      <Filter>game_sa</Filter>
    </ClInclude>
    <ClInclude Include="..\game_sa\CAnimBlendClumpData.h">
      <Filter>game_sa</Filter>
    </ClInclude>
    <ClInclude Include="..\game_sa\CAtomicModelInfo.h">
      <Filter>game_sa</Filter>
    </ClInclude>
    <ClInclude Include="..\game_sa\CAutomobile.h">
      <Filter>game_sa</Filter>
    </ClInclude>
    <ClInclude Include="..\game_sa\CAutoPilot.h">
      <Filter>game_sa</Filter>
    </ClInclude>
    <ClInclude Include="..\game_sa\CBaseModelInfo.h">
      <Filter>game_sa</Filter>
    </ClInclude>
    <ClInclude Include="..\game_sa\CBox.h">
      <Filter>game_sa</Filter>
    </ClInclude>
    <ClInclude Include="..\game_sa\CBuilding.h">
      <Filter>game_sa</Filter>
    </ClInclude>
    <ClInclude Include="..\game_sa\CBulletTraces.h">
      <Filter>game_sa</Filter>
    </ClInclude>
    <ClInclude Include="..\game_sa\CCam.h">
      <Filter>game_sa</Filter>
    </ClInclude>
    <ClInclude Include="..\game_sa\CCamera.h">
      <Filter>game_sa</Filter>
    </ClInclude>
    <ClInclude Include="..\game_sa\CCamPathSplines.h">
      <Filter>game_sa</Filter>
    </ClInclude>
    <ClInclude Include="..\game_sa\CCivilianPed.h">
      <Filter>game_sa</Filter>
    </ClInclude>
    <ClInclude Include="..\game_sa\CClock.h">
      <Filter>game_sa</Filter>
    </ClInclude>
    <ClInclude Include="..\game_sa\CClothes.h">
      <Filter>game_sa</Filter>
    </ClInclude>
    <ClInclude Include="..\game_sa\CClumpModelInfo.h">
      <Filter>game_sa</Filter>
    </ClInclude>
    <ClInclude Include="..\game_sa\CColBox.h">
      <Filter>game_sa</Filter>
    </ClInclude>
    <ClInclude Include="..\game_sa\CColData.h">
      <Filter>game_sa</Filter>
    </ClInclude>
    <ClInclude Include="..\game_sa\CColLine.h">
      <Filter>game_sa</Filter>
    </ClInclude>
    <ClInclude Include="..\game_sa\CColModel.h">
      <Filter>game_sa</Filter>
    </ClInclude>
    <ClInclude Include="..\game_sa\CColPoint.h">
      <Filter>game_sa</Filter>
    </ClInclude>
    <ClInclude Include="..\game_sa\CColSphere.h">
      <Filter>game_sa</Filter>
    </ClInclude>
    <ClInclude Include="..\game_sa\CColTriangle.h">
      <Filter>game_sa</Filter>
    </ClInclude>
    <ClInclude Include="..\game_sa\CColTrianglePlane.h">
      <Filter>game_sa</Filter>
    </ClInclude>
    <ClInclude Include="..\game_sa\CControllerConfigManager.h">
      <Filter>game_sa</Filter>
    </ClInclude>
    <ClInclude Include="..\game_sa\CCopPed.h">
      <Filter>game_sa</Filter>
    </ClInclude>
    <ClInclude Include="..\game_sa\CCoronas.h">
      <Filter>game_sa</Filter>
    </ClInclude>
    <ClInclude Include="..\game_sa\CCrimeBeingQd.h">
      <Filter>game_sa</Filter>
    </ClInclude>
    <ClInclude Include="..\game_sa\CDamageManager.h">
      <Filter>game_sa</Filter>
    </ClInclude>
    <ClInclude Include="..\game_sa\CDarkel.h">
      <Filter>game_sa</Filter>
    </ClInclude>
    <ClInclude Include="..\game_sa\CDoor.h">
      <Filter>game_sa</Filter>
    </ClInclude>
    <ClInclude Include="..\game_sa\CDummy.h">
      <Filter>game_sa</Filter>
    </ClInclude>
    <ClInclude Include="..\game_sa\CEmergencyPed.h">
      <Filter>game_sa</Filter>
    </ClInclude>
    <ClInclude Include="..\game_sa\CEntity.h">
      <Filter>game_sa</Filter>
    </ClInclude>
    <ClInclude Include="..\game_sa\CEntityScanner.h">
      <Filter>game_sa</Filter>
    </ClInclude>
    <ClInclude Include="..\game_sa\CExplosion.h">
      <Filter>game_sa</Filter>
    </ClInclude>
    <ClInclude Include="..\game_sa\CFileMgr.h">
      <Filter>game_sa</Filter>
    </ClInclude>
    <ClInclude Include="..\game_sa\CFont.h">
      <Filter>game_sa</Filter>
    </ClInclude>
    <ClInclude Include="..\game_sa\CGame.h">
      <Filter>game_sa</Filter>
    </ClInclude>
    <ClInclude Include="..\game_sa\CGamma.h">
      <Filter>game_sa</Filter>
    </ClInclude>
    <ClInclude Include="..\game_sa\CGarages.h">
      <Filter>game_sa</Filter>
    </ClInclude>
    <ClInclude Include="..\game_sa\CGeneral.h">
      <Filter>game_sa</Filter>
    </ClInclude>
    <ClInclude Include="..\game_sa\cHandlingDataMgr.h">
      <Filter>game_sa</Filter>
    </ClInclude>
    <ClInclude Include="..\game_sa\CHud.h">
      <Filter>game_sa</Filter>
    </ClInclude>
    <ClInclude Include="..\game_sa\CHudColours.h">
      <Filter>game_sa</Filter>
    </ClInclude>
    <ClInclude Include="..\game_sa\CMatrix.h">
      <Filter>game_sa</Filter>
    </ClInclude>
    <ClInclude Include="..\game_sa\CMatrixLink.h">
      <Filter>game_sa</Filter>
    </ClInclude>
    <ClInclude Include="..\game_sa\CMenuManager.h">
      <Filter>game_sa</Filter>
    </ClInclude>
    <ClInclude Include="..\game_sa\CMessages.h">
      <Filter>game_sa</Filter>
    </ClInclude>
    <ClInclude Include="..\game_sa\CMissionCleanup.h">
      <Filter>game_sa</Filter>
    </ClInclude>
    <ClInclude Include="..\game_sa\CModelInfo.h">
      <Filter>game_sa</Filter>
    </ClInclude>
    <ClInclude Include="..\game_sa\CNodeAddress.h">
      <Filter>game_sa</Filter>
    </ClInclude>
    <ClInclude Include="..\game_sa\CObject.h">
      <Filter>game_sa</Filter>
    </ClInclude>
    <ClInclude Include="..\game_sa\CObjectInfo.h">
      <Filter>game_sa</Filter>
    </ClInclude>
    <ClInclude Include="..\game_sa\common.h">
      <Filter>game_sa</Filter>
    </ClInclude>
    <ClInclude Include="..\game_sa\CompressedVector.h">
      <Filter>game_sa</Filter>
    </ClInclude>
    <ClInclude Include="..\game_sa\COnscreenTimer.h">
      <Filter>game_sa</Filter>
    </ClInclude>
    <ClInclude Include="..\game_sa\CPad.h">
      <Filter>game_sa</Filter>
    </ClInclude>
    <ClInclude Include="..\game_sa\CPanel.h">
      <Filter>game_sa</Filter>
    </ClInclude>
    <ClInclude Include="..\game_sa\CPathFind.h">
      <Filter>game_sa</Filter>
    </ClInclude>
    <ClInclude Include="..\game_sa\CPed.h">
      <Filter>game_sa</Filter>
    </ClInclude>
    <ClInclude Include="..\game_sa\CPedAcquaintance.h">
      <Filter>game_sa</Filter>
    </ClInclude>
    <ClInclude Include="..\game_sa\CPedCollisionAudio.h">
      <Filter>game_sa</Filter>
    </ClInclude>
    <ClInclude Include="..\game_sa\CPedIK.h">
      <Filter>game_sa</Filter>
    </ClInclude>
    <ClInclude Include="..\game_sa\CPedIntelligence.h">
      <Filter>game_sa</Filter>
    </ClInclude>
    <ClInclude Include="..\game_sa\CPedVoice.h">
      <Filter>game_sa</Filter>
    </ClInclude>
    <ClInclude Include="..\game_sa\CPhysical.h">
      <Filter>game_sa</Filter>
    </ClInclude>
    <ClInclude Include="..\game_sa\CPlaceable.h">
      <Filter>game_sa</Filter>
    </ClInclude>
    <ClInclude Include="..\game_sa\CPlaneTrail.h">
      <Filter>game_sa</Filter>
    </ClInclude>
    <ClInclude Include="..\game_sa\CPlaneTrails.h">
      <Filter>game_sa</Filter>
    </ClInclude>
    <ClInclude Include="..\game_sa\CPlayerData.h">
      <Filter>game_sa</Filter>
    </ClInclude>
    <ClInclude Include="..\game_sa\CPlayerInfo.h">
      <Filter>game_sa</Filter>
    </ClInclude>
    <ClInclude Include="..\game_sa\CPlayerPed.h">
      <Filter>game_sa</Filter>
    </ClInclude>
    <ClInclude Include="..\game_sa\CPointLights.h">
      <Filter>game_sa</Filter>
    </ClInclude>
    <ClInclude Include="..\game_sa\CPool.h">
      <Filter>game_sa</Filter>
    </ClInclude>
    <ClInclude Include="..\game_sa\CPools.h">
      <Filter>game_sa</Filter>
    </ClInclude>
    <ClInclude Include="..\game_sa\CPtrList.h">
      <Filter>game_sa</Filter>
    </ClInclude>
    <ClInclude Include="..\game_sa\CQuaternion.h">
      <Filter>game_sa</Filter>
    </ClInclude>
    <ClInclude Include="..\game_sa\CQueuedMode.h">
      <Filter>game_sa</Filter>
    </ClInclude>
    <ClInclude Include="..\game_sa\CRadar.h">
      <Filter>game_sa</Filter>
    </ClInclude>
    <ClInclude Include="..\game_sa\CRealTimeShadow.h">
      <Filter>game_sa</Filter>
    </ClInclude>
    <ClInclude Include="..\game_sa\CRect.h">
      <Filter>game_sa</Filter>
    </ClInclude>
    <ClInclude Include="..\game_sa\CReference.h">
      <Filter>game_sa</Filter>
    </ClInclude>
    <ClInclude Include="..\game_sa\CReferences.h">
      <Filter>game_sa</Filter>
    </ClInclude>
    <ClInclude Include="..\game_sa\CRegisteredCorona.h">
      <Filter>game_sa</Filter>
    </ClInclude>
    <ClInclude Include="..\game_sa\CRenderer.h">
      <Filter>game_sa</Filter>
    </ClInclude>
    <ClInclude Include="..\game_sa\CRepeatSector.h">
      <Filter>game_sa</Filter>
    </ClInclude>
    <ClInclude Include="..\game_sa\CRGBA.h">
      <Filter>game_sa</Filter>
    </ClInclude>
    <ClInclude Include="..\game_sa\CRideAnimData.h">
      <Filter>game_sa</Filter>
    </ClInclude>
    <ClInclude Include="..\game_sa\CRunningScript.h">
      <Filter>game_sa</Filter>
    </ClInclude>
    <ClInclude Include="..\game_sa\CScene.h">
      <Filter>game_sa</Filter>
    </ClInclude>
    <ClInclude Include="..\game_sa\CShadowCamera.h">
      <Filter>game_sa</Filter>
    </ClInclude>
    <ClInclude Include="..\game_sa\CShadows.h">
      <Filter>game_sa</Filter>
    </ClInclude>
    <ClInclude Include="..\game_sa\CSimpleTransform.h">
      <Filter>game_sa</Filter>
    </ClInclude>
    <ClInclude Include="..\game_sa\CSphere.h">
      <Filter>game_sa</Filter>
    </ClInclude>
    <ClInclude Include="..\game_sa\CSprite.h">
      <Filter>game_sa</Filter>
    </ClInclude>
    <ClInclude Include="..\game_sa\CSprite2d.h">
      <Filter>game_sa</Filter>
    </ClInclude>
    <ClInclude Include="..\game_sa\CStats.h">
      <Filter>game_sa</Filter>
    </ClInclude>
    <ClInclude Include="..\game_sa\CStoredCollPoly.h">
      <Filter>game_sa</Filter>
    </ClInclude>
    <ClInclude Include="..\game_sa\CStreaming.h">
      <Filter>game_sa</Filter>
    </ClInclude>
    <ClInclude Include="..\game_sa\CTask.h">
      <Filter>game_sa</Filter>
    </ClInclude>
    <ClInclude Include="..\game_sa\CTaskComplex.h">
      <Filter>game_sa</Filter>
    </ClInclude>
    <ClInclude Include="..\game_sa\CTaskComplexKillPedOnFoot.h">
      <Filter>game_sa</Filter>
    </ClInclude>
    <ClInclude Include="..\game_sa\CTaskManager.h">
      <Filter>game_sa</Filter>
    </ClInclude>
    <ClInclude Include="..\game_sa\CTaskSimple.h">
      <Filter>game_sa</Filter>
    </ClInclude>
    <ClInclude Include="..\game_sa\CTaskSimpleJetpack.h">
      <Filter>game_sa</Filter>
    </ClInclude>
    <ClInclude Include="..\game_sa\CTaskSimpleUseGun.h">
      <Filter>game_sa</Filter>
    </ClInclude>
    <ClInclude Include="..\game_sa\CTexDictionary.h">
      <Filter>game_sa</Filter>
    </ClInclude>
    <ClInclude Include="..\game_sa\CText.h">
      <Filter>game_sa</Filter>
    </ClInclude>
    <ClInclude Include="..\game_sa\CTheScripts.h">
      <Filter>game_sa</Filter>
    </ClInclude>
    <ClInclude Include="..\game_sa\CTheZones.h">
      <Filter>game_sa</Filter>
    </ClInclude>
    <ClInclude Include="..\game_sa\CTimeCycleInfo.h">
      <Filter>game_sa</Filter>
    </ClInclude>
    <ClInclude Include="..\game_sa\CTimeModelInfo.h">
      <Filter>game_sa</Filter>
    </ClInclude>
    <ClInclude Include="..\game_sa\CTimer.h">
      <Filter>game_sa</Filter>
    </ClInclude>
    <ClInclude Include="..\game_sa\cTransmission.h">
      <Filter>game_sa</Filter>
    </ClInclude>
    <ClInclude Include="..\game_sa\CTxdStore.h">
      <Filter>game_sa</Filter>
    </ClInclude>
    <ClInclude Include="..\game_sa\CUserDisplay.h">
      <Filter>game_sa</Filter>
    </ClInclude>
    <ClInclude Include="..\game_sa\CVector.h">
      <Filter>game_sa</Filter>
    </ClInclude>
    <ClInclude Include="..\game_sa\CVector2D.h">
      <Filter>game_sa</Filter>
    </ClInclude>
    <ClInclude Include="..\game_sa\CVehicle.h">
      <Filter>game_sa</Filter>
    </ClInclude>
    <ClInclude Include="..\game_sa\CVehicleModelInfo.h">
      <Filter>game_sa</Filter>
    </ClInclude>
    <ClInclude Include="..\game_sa\CVisibilityPlugins.h">
      <Filter>game_sa</Filter>
    </ClInclude>
    <ClInclude Include="..\game_sa\CWanted.h">
      <Filter>game_sa</Filter>
    </ClInclude>
    <ClInclude Include="..\game_sa\CWantedAudio.h">
      <Filter>game_sa</Filter>
    </ClInclude>
    <ClInclude Include="..\game_sa\CWeapon.h">
      <Filter>game_sa</Filter>
    </ClInclude>
    <ClInclude Include="..\game_sa\CWeaponAudio.h">
      <Filter>game_sa</Filter>
    </ClInclude>
    <ClInclude Include="..\game_sa\CWeaponInfo.h">
      <Filter>game_sa</Filter>
    </ClInclude>
    <ClInclude Include="..\game_sa\CWeaponModelInfo.h">
      <Filter>game_sa</Filter>
    </ClInclude>
    <ClInclude Include="..\game_sa\CWorld.h">
      <Filter>game_sa</Filter>
    </ClInclude>
    <ClInclude Include="..\game_sa\CZone.h">
      <Filter>game_sa</Filter>
    </ClInclude>
    <ClInclude Include="..\game_sa\eCamMode.h">
      <Filter>game_sa</Filter>
    </ClInclude>
    <ClInclude Include="..\game_sa\eCommandName.h">
      <Filter>game_sa</Filter>
    </ClInclude>
    <ClInclude Include="..\game_sa\eCopType.h">
      <Filter>game_sa</Filter>
    </ClInclude>
    <ClInclude Include="..\game_sa\eEntityStatus.h">
      <Filter>game_sa</Filter>
    </ClInclude>
    <ClInclude Include="..\game_sa\eEntityType.h">
      <Filter>game_sa</Filter>
    </ClInclude>
    <ClInclude Include="..\game_sa\ePedState.h">
      <Filter>game_sa</Filter>
    </ClInclude>
    <ClInclude Include="..\game_sa\ePedType.h">
      <Filter>game_sa</Filter>
    </ClInclude>
    <ClInclude Include="..\game_sa\eTaskType.h">
      <Filter>game_sa</Filter>
    </ClInclude>
    <ClInclude Include="..\game_sa\eVehicleHandlingFlags.h">
      <Filter>game_sa</Filter>
    </ClInclude>
    <ClInclude Include="..\game_sa\eVehicleHandlingModelFlags.h">
      <Filter>game_sa</Filter>
    </ClInclude>
    <ClInclude Include="..\game_sa\eWeaponFire.h">
      <Filter>game_sa</Filter>
    </ClInclude>
    <ClInclude Include="..\game_sa\eWeaponFlags.h">
      <Filter>game_sa</Filter>
    </ClInclude>
    <ClInclude Include="..\game_sa\eWeaponType.h">
      <Filter>game_sa</Filter>
    </ClInclude>
    <ClInclude Include="..\game_sa\functions.h">
      <Filter>game_sa</Filter>
    </ClInclude>
    <ClInclude Include="..\game_sa\Fx_c.h">
      <Filter>game_sa</Filter>
    </ClInclude>
    <ClInclude Include="..\game_sa\FxFrustumInfo_c.h">
      <Filter>game_sa</Filter>
    </ClInclude>
    <ClInclude Include="..\game_sa\FxManager_c.h">
      <Filter>game_sa</Filter>
    </ClInclude>
    <ClInclude Include="..\game_sa\FxMemoryPool_c.h">
      <Filter>game_sa</Filter>
    </ClInclude>
    <ClInclude Include="..\game_sa\IFrame.h">
      <Filter>game_sa</Filter>
    </ClInclude>
    <ClInclude Include="..\game_sa\LimbOrienation.h">
      <Filter>game_sa</Filter>
    </ClInclude>
    <ClInclude Include="..\game_sa\List_c.h">
      <Filter>game_sa</Filter>
    </ClInclude>
    <ClInclude Include="..\game_sa\ListItem_c.h">
      <Filter>game_sa</Filter>
    </ClInclude>
    <ClInclude Include="..\game_sa\RenderWare.h">
      <Filter>game_sa</Filter>
    </ClInclude>
    <ClInclude Include="..\game_sa\RenderWareTypes.h">
      <Filter>game_sa</Filter>
    </ClInclude>
    <ClInclude Include="..\game_sa\RwObjectNameIdAssocation.h">
      <Filter>game_sa</Filter>
    </ClInclude>
    <ClInclude Include="..\game_sa\tBikeHandlingData.h">
      <Filter>game_sa</Filter>
    </ClInclude>
    <ClInclude Include="..\game_sa\tBoatHandlingData.h">
      <Filter>game_sa</Filter>
    </ClInclude>
    <ClInclude Include="..\game_sa\tFlyingHandlingData.h">
      <Filter>game_sa</Filter>
    </ClInclude>
    <ClInclude Include="..\game_sa\tHandlingData.h">
      <Filter>game_sa</Filter>
    </ClInclude>
    <ClInclude Include="..\game_sa\tTransmissionGear.h">
      <Filter>game_sa</Filter>
    </ClInclude>
    <ClInclude Include="..\additional\patch\Patch.h">
      <Filter>additional\patch</Filter>
    </ClInclude>
    <ClInclude Include="..\extender\Extender.h">
      <Filter>extender</Filter>
    </ClInclude>
    <ClInclude Include="..\extender\ObjectExtender.h">
      <Filter>extender</Filter>
    </ClInclude>
    <ClInclude Include="..\extender\PedExtender.h">
      <Filter>extender</Filter>
    </ClInclude>
    <ClInclude Include="..\extender\VehicleExtender.h">
      <Filter>extender</Filter>
    </ClInclude>
    <ClInclude Include="..\events\EventList.h">
      <Filter>events</Filter>
    </ClInclude>
    <ClInclude Include="..\plbase\PluginBase.h">
      <Filter>plbase</Filter>
    </ClInclude>
    <ClInclude Include="..\plugin.h" />
    <ClInclude Include="..\additional\scripts_wrapper\ScriptsWrapper.h">
      <Filter>additional\scripts_wrapper</Filter>
    </ClInclude>
    <ClInclude Include="..\additional\Error.h">
      <Filter>additional</Filter>
    </ClInclude>
    <ClInclude Include="..\additional\settings\Settings.h">
      <Filter>additional\settings</Filter>
    </ClInclude>
    <ClInclude Include="..\additional\Log.h">
      <Filter>additional</Filter>
    </ClInclude>
    <ClInclude Include="..\game_sa\eModelID.h">
      <Filter>game_sa</Filter>
    </ClInclude>
    <ClInclude Include="..\additional\Other.h">
      <Filter>additional</Filter>
    </ClInclude>
    <ClInclude Include="..\game_sa\CBike.h">
      <Filter>game_sa</Filter>
    </ClInclude>
    <ClInclude Include="..\game_sa\CCutsceneObject.h">
      <Filter>game_sa</Filter>
    </ClInclude>
    <ClInclude Include="..\game_sa\CProjectile.h">
      <Filter>game_sa</Filter>
    </ClInclude>
    <ClInclude Include="..\game_sa\CTreadable.h">
      <Filter>game_sa</Filter>
    </ClInclude>
    <ClInclude Include="..\game_sa\CDummyPed.h">
      <Filter>game_sa</Filter>
    </ClInclude>
    <ClInclude Include="..\game_sa\CDummyObject.h">
      <Filter>game_sa</Filter>
    </ClInclude>
    <ClInclude Include="..\game_sa\CHandObject.h">
      <Filter>game_sa</Filter>
    </ClInclude>
    <ClInclude Include="..\game_sa\CCheat.h">
      <Filter>game_sa</Filter>
    </ClInclude>
    <ClInclude Include="..\game_sa\CTaskTimer.h">
      <Filter>game_sa</Filter>
    </ClInclude>
    <ClInclude Include="..\game_sa\CEventGroup.h">
      <Filter>game_sa</Filter>
    </ClInclude>
    <ClInclude Include="..\game_sa\CEventHandler.h">
      <Filter>game_sa</Filter>
    </ClInclude>
    <ClInclude Include="..\game_sa\CEventScanner.h">
      <Filter>game_sa</Filter>
    </ClInclude>
    <ClInclude Include="..\game_sa\CAttractorScanner.h">
      <Filter>game_sa</Filter>
    </ClInclude>
    <ClInclude Include="..\game_sa\CLoadedCarGroup.h">
      <Filter>game_sa</Filter>
    </ClInclude>
    <ClInclude Include="..\game_sa\CTaskComplexPlayHandSignalAnim.h">
      <Filter>game_sa</Filter>
    </ClInclude>
    <ClInclude Include="..\game_sa\CPopulation.h">
      <Filter>game_sa</Filter>
    </ClInclude>
    <ClInclude Include="..\game_sa\CPopCycle.h">
      <Filter>game_sa</Filter>
    </ClInclude>
  </ItemGroup>
  <ItemGroup>
    <ClCompile Include="..\game_sa\CAEAudioEntity.cpp">
      <Filter>game_sa</Filter>
    </ClCompile>
    <ClCompile Include="..\game_sa\CAERadioTrackManager.cpp">
      <Filter>game_sa</Filter>
    </ClCompile>
    <ClCompile Include="..\game_sa\CAESound.cpp">
      <Filter>game_sa</Filter>
    </ClCompile>
    <ClCompile Include="..\game_sa\CAtomicModelInfo.cpp">
      <Filter>game_sa</Filter>
    </ClCompile>
    <ClCompile Include="..\game_sa\CAutomobile.cpp">
      <Filter>game_sa</Filter>
    </ClCompile>
    <ClCompile Include="..\game_sa\CBaseModelInfo.cpp">
      <Filter>game_sa</Filter>
    </ClCompile>
    <ClCompile Include="..\game_sa\CBox.cpp">
      <Filter>game_sa</Filter>
    </ClCompile>
    <ClCompile Include="..\game_sa\CBuilding.cpp">
      <Filter>game_sa</Filter>
    </ClCompile>
    <ClCompile Include="..\game_sa\CBulletTraces.cpp">
      <Filter>game_sa</Filter>
    </ClCompile>
    <ClCompile Include="..\game_sa\CCamera.cpp">
      <Filter>game_sa</Filter>
    </ClCompile>
    <ClCompile Include="..\game_sa\CCivilianPed.cpp">
      <Filter>game_sa</Filter>
    </ClCompile>
    <ClCompile Include="..\game_sa\CClock.cpp">
      <Filter>game_sa</Filter>
    </ClCompile>
    <ClCompile Include="..\game_sa\CClumpModelInfo.cpp">
      <Filter>game_sa</Filter>
    </ClCompile>
    <ClCompile Include="..\game_sa\CColBox.cpp">
      <Filter>game_sa</Filter>
    </ClCompile>
    <ClCompile Include="..\game_sa\CColLine.cpp">
      <Filter>game_sa</Filter>
    </ClCompile>
    <ClCompile Include="..\game_sa\CColPoint.cpp">
      <Filter>game_sa</Filter>
    </ClCompile>
    <ClCompile Include="..\game_sa\CColSphere.cpp">
      <Filter>game_sa</Filter>
    </ClCompile>
    <ClCompile Include="..\game_sa\CColTriangle.cpp">
      <Filter>game_sa</Filter>
    </ClCompile>
    <ClCompile Include="..\game_sa\CColTrianglePlane.cpp">
      <Filter>game_sa</Filter>
    </ClCompile>
    <ClCompile Include="..\game_sa\CControllerConfigManager.cpp">
      <Filter>game_sa</Filter>
    </ClCompile>
    <ClCompile Include="..\game_sa\CCopPed.cpp">
      <Filter>game_sa</Filter>
    </ClCompile>
    <ClCompile Include="..\game_sa\CCoronas.cpp">
      <Filter>game_sa</Filter>
    </ClCompile>
    <ClCompile Include="..\game_sa\CDamageManager.cpp">
      <Filter>game_sa</Filter>
    </ClCompile>
    <ClCompile Include="..\game_sa\CDarkel.cpp">
      <Filter>game_sa</Filter>
    </ClCompile>
    <ClCompile Include="..\game_sa\CDoor.cpp">
      <Filter>game_sa</Filter>
    </ClCompile>
    <ClCompile Include="..\game_sa\CDummy.cpp">
      <Filter>game_sa</Filter>
    </ClCompile>
    <ClCompile Include="..\game_sa\CEmergencyPed.cpp">
      <Filter>game_sa</Filter>
    </ClCompile>
    <ClCompile Include="..\game_sa\CEntity.cpp">
      <Filter>game_sa</Filter>
    </ClCompile>
    <ClCompile Include="..\game_sa\CFileMgr.cpp">
      <Filter>game_sa</Filter>
    </ClCompile>
    <ClCompile Include="..\game_sa\CFont.cpp">
      <Filter>game_sa</Filter>
    </ClCompile>
    <ClCompile Include="..\game_sa\CGame.cpp">
      <Filter>game_sa</Filter>
    </ClCompile>
    <ClCompile Include="..\game_sa\CGamma.cpp">
      <Filter>game_sa</Filter>
    </ClCompile>
    <ClCompile Include="..\game_sa\CGarages.cpp">
      <Filter>game_sa</Filter>
    </ClCompile>
    <ClCompile Include="..\game_sa\CGeneral.cpp">
      <Filter>game_sa</Filter>
    </ClCompile>
    <ClCompile Include="..\game_sa\cHandlingDataMgr.cpp">
      <Filter>game_sa</Filter>
    </ClCompile>
    <ClCompile Include="..\game_sa\CHud.cpp">
      <Filter>game_sa</Filter>
    </ClCompile>
    <ClCompile Include="..\game_sa\CHudColours.cpp">
      <Filter>game_sa</Filter>
    </ClCompile>
    <ClCompile Include="..\game_sa\CMatrix.cpp">
      <Filter>game_sa</Filter>
    </ClCompile>
    <ClCompile Include="..\game_sa\CMatrixLink.cpp">
      <Filter>game_sa</Filter>
    </ClCompile>
    <ClCompile Include="..\game_sa\CMenuManager.cpp">
      <Filter>game_sa</Filter>
    </ClCompile>
    <ClCompile Include="..\game_sa\CMessages.cpp">
      <Filter>game_sa</Filter>
    </ClCompile>
    <ClCompile Include="..\game_sa\CMissionCleanup.cpp">
      <Filter>game_sa</Filter>
    </ClCompile>
    <ClCompile Include="..\game_sa\CModelInfo.cpp">
      <Filter>game_sa</Filter>
    </ClCompile>
    <ClCompile Include="..\game_sa\common.cpp">
      <Filter>game_sa</Filter>
    </ClCompile>
    <ClCompile Include="..\game_sa\CompressedVector.cpp">
      <Filter>game_sa</Filter>
    </ClCompile>
    <ClCompile Include="..\game_sa\CPad.cpp">
      <Filter>game_sa</Filter>
    </ClCompile>
    <ClCompile Include="..\game_sa\CPanel.cpp">
      <Filter>game_sa</Filter>
    </ClCompile>
    <ClCompile Include="..\game_sa\CPathFind.cpp">
      <Filter>game_sa</Filter>
    </ClCompile>
    <ClCompile Include="..\game_sa\CPed.cpp">
      <Filter>game_sa</Filter>
    </ClCompile>
    <ClCompile Include="..\game_sa\CPedIntelligence.cpp">
      <Filter>game_sa</Filter>
    </ClCompile>
    <ClCompile Include="..\game_sa\CPhysical.cpp">
      <Filter>game_sa</Filter>
    </ClCompile>
    <ClCompile Include="..\game_sa\CPlaceable.cpp">
      <Filter>game_sa</Filter>
    </ClCompile>
    <ClCompile Include="..\game_sa\CPlaneTrail.cpp">
      <Filter>game_sa</Filter>
    </ClCompile>
    <ClCompile Include="..\game_sa\CPlaneTrails.cpp">
      <Filter>game_sa</Filter>
    </ClCompile>
    <ClCompile Include="..\game_sa\CPointLights.cpp">
      <Filter>game_sa</Filter>
    </ClCompile>
    <ClCompile Include="..\game_sa\CPools.cpp">
      <Filter>game_sa</Filter>
    </ClCompile>
    <ClCompile Include="..\game_sa\CQuaternion.cpp">
      <Filter>game_sa</Filter>
    </ClCompile>
    <ClCompile Include="..\game_sa\CRadar.cpp">
      <Filter>game_sa</Filter>
    </ClCompile>
    <ClCompile Include="..\game_sa\CRealTimeShadow.cpp">
      <Filter>game_sa</Filter>
    </ClCompile>
    <ClCompile Include="..\game_sa\CRect.cpp">
      <Filter>game_sa</Filter>
    </ClCompile>
    <ClCompile Include="..\game_sa\CReference.cpp">
      <Filter>game_sa</Filter>
    </ClCompile>
    <ClCompile Include="..\game_sa\CReferences.cpp">
      <Filter>game_sa</Filter>
    </ClCompile>
    <ClCompile Include="..\game_sa\CRegisteredCorona.cpp">
      <Filter>game_sa</Filter>
    </ClCompile>
    <ClCompile Include="..\game_sa\CRGBA.cpp">
      <Filter>game_sa</Filter>
    </ClCompile>
    <ClCompile Include="..\game_sa\CRunningScript.cpp">
      <Filter>game_sa</Filter>
    </ClCompile>
    <ClCompile Include="..\game_sa\CScene.cpp">
      <Filter>game_sa</Filter>
    </ClCompile>
    <ClCompile Include="..\game_sa\CShadowCamera.cpp">
      <Filter>game_sa</Filter>
    </ClCompile>
    <ClCompile Include="..\game_sa\CShadows.cpp">
      <Filter>game_sa</Filter>
    </ClCompile>
    <ClCompile Include="..\game_sa\CSimpleTransform.cpp">
      <Filter>game_sa</Filter>
    </ClCompile>
    <ClCompile Include="..\game_sa\CSphere.cpp">
      <Filter>game_sa</Filter>
    </ClCompile>
    <ClCompile Include="..\game_sa\CSprite.cpp">
      <Filter>game_sa</Filter>
    </ClCompile>
    <ClCompile Include="..\game_sa\CSprite2d.cpp">
      <Filter>game_sa</Filter>
    </ClCompile>
    <ClCompile Include="..\game_sa\CStats.cpp">
      <Filter>game_sa</Filter>
    </ClCompile>
    <ClCompile Include="..\game_sa\CStreaming.cpp">
      <Filter>game_sa</Filter>
    </ClCompile>
    <ClCompile Include="..\game_sa\CTask.cpp">
      <Filter>game_sa</Filter>
    </ClCompile>
    <ClCompile Include="..\game_sa\CTaskComplex.cpp">
      <Filter>game_sa</Filter>
    </ClCompile>
    <ClCompile Include="..\game_sa\CTaskComplexKillPedOnFoot.cpp">
      <Filter>game_sa</Filter>
    </ClCompile>
    <ClCompile Include="..\game_sa\CTaskSimple.cpp">
      <Filter>game_sa</Filter>
    </ClCompile>
    <ClCompile Include="..\game_sa\CTexDictionary.cpp">
      <Filter>game_sa</Filter>
    </ClCompile>
    <ClCompile Include="..\game_sa\CText.cpp">
      <Filter>game_sa</Filter>
    </ClCompile>
    <ClCompile Include="..\game_sa\CTheScripts.cpp">
      <Filter>game_sa</Filter>
    </ClCompile>
    <ClCompile Include="..\game_sa\CTheZones.cpp">
      <Filter>game_sa</Filter>
    </ClCompile>
    <ClCompile Include="..\game_sa\CTimeCycleInfo.cpp">
      <Filter>game_sa</Filter>
    </ClCompile>
    <ClCompile Include="..\game_sa\CTimeModelInfo.cpp">
      <Filter>game_sa</Filter>
    </ClCompile>
    <ClCompile Include="..\game_sa\CTimer.cpp">
      <Filter>game_sa</Filter>
    </ClCompile>
    <ClCompile Include="..\game_sa\cTransmission.cpp">
      <Filter>game_sa</Filter>
    </ClCompile>
    <ClCompile Include="..\game_sa\CTxdStore.cpp">
      <Filter>game_sa</Filter>
    </ClCompile>
    <ClCompile Include="..\game_sa\CUserDisplay.cpp">
      <Filter>game_sa</Filter>
    </ClCompile>
    <ClCompile Include="..\game_sa\CVector.cpp">
      <Filter>game_sa</Filter>
    </ClCompile>
    <ClCompile Include="..\game_sa\CVector2D.cpp">
      <Filter>game_sa</Filter>
    </ClCompile>
    <ClCompile Include="..\game_sa\CVehicle.cpp">
      <Filter>game_sa</Filter>
    </ClCompile>
    <ClCompile Include="..\game_sa\CVehicleModelInfo.cpp">
      <Filter>game_sa</Filter>
    </ClCompile>
    <ClCompile Include="..\game_sa\CVisibilityPlugins.cpp">
      <Filter>game_sa</Filter>
    </ClCompile>
    <ClCompile Include="..\game_sa\CWeapon.cpp">
      <Filter>game_sa</Filter>
    </ClCompile>
    <ClCompile Include="..\game_sa\CWeaponInfo.cpp">
      <Filter>game_sa</Filter>
    </ClCompile>
    <ClCompile Include="..\game_sa\CWeaponModelInfo.cpp">
      <Filter>game_sa</Filter>
    </ClCompile>
    <ClCompile Include="..\game_sa\CWorld.cpp">
      <Filter>game_sa</Filter>
    </ClCompile>
    <ClCompile Include="..\game_sa\CZone.cpp">
      <Filter>game_sa</Filter>
    </ClCompile>
    <ClCompile Include="..\game_sa\Fx_c.cpp">
      <Filter>game_sa</Filter>
    </ClCompile>
    <ClCompile Include="..\game_sa\FxManager_c.cpp">
      <Filter>game_sa</Filter>
    </ClCompile>
    <ClCompile Include="..\game_sa\FxMemoryPool_c.cpp">
      <Filter>game_sa</Filter>
    </ClCompile>
    <ClCompile Include="..\events\EventList.cpp">
      <Filter>events</Filter>
    </ClCompile>
    <ClCompile Include="..\plbase\PluginBase.cpp">
      <Filter>plbase</Filter>
    </ClCompile>
    <ClCompile Include="..\additional\Other.cpp">
      <Filter>additional</Filter>
    </ClCompile>
    <ClCompile Include="..\game_sa\CBike.cpp">
      <Filter>game_sa</Filter>
    </ClCompile>
    <ClCompile Include="..\game_sa\CObject.cpp">
      <Filter>game_sa</Filter>
    </ClCompile>
    <ClCompile Include="..\game_sa\CCutsceneObject.cpp">
      <Filter>game_sa</Filter>
    </ClCompile>
    <ClCompile Include="..\game_sa\CProjectile.cpp">
      <Filter>game_sa</Filter>
    </ClCompile>
    <ClCompile Include="..\game_sa\CTreadable.cpp">
      <Filter>game_sa</Filter>
    </ClCompile>
    <ClCompile Include="..\game_sa\CDummyPed.cpp">
      <Filter>game_sa</Filter>
    </ClCompile>
    <ClCompile Include="..\game_sa\CDummyObject.cpp">
      <Filter>game_sa</Filter>
    </ClCompile>
    <ClCompile Include="..\game_sa\CHandObject.cpp">
      <Filter>game_sa</Filter>
    </ClCompile>
    <ClCompile Include="..\game_sa\CTaskManager.cpp">
      <Filter>game_sa</Filter>
    </ClCompile>
    <ClCompile Include="..\game_sa\CCheat.cpp">
      <Filter>game_sa</Filter>
    </ClCompile>
    <ClCompile Include="..\game_sa\CTaskTimer.cpp">
      <Filter>game_sa</Filter>
    </ClCompile>
    <ClCompile Include="..\game_sa\CLoadedCarGroup.cpp">
      <Filter>game_sa</Filter>
    </ClCompile>
    <ClCompile Include="..\game_sa\CTaskComplexPlayHandSignalAnim.cpp">
      <Filter>game_sa</Filter>
    </ClCompile>
    <ClCompile Include="..\game_sa\CPopulation.cpp">
      <Filter>game_sa</Filter>
    </ClCompile>
  </ItemGroup>
  <ItemGroup>
    <Text Include="..\game_sa\CMakeLists.txt">
      <Filter>game_sa</Filter>
    </Text>
  </ItemGroup>
</Project>